// !$*UTF8*$!
{
	archiveVersion = 1;
	classes = {
	};
	objectVersion = 46;
	objects = {

/* Begin PBXBuildFile section */
		6145385314288F7600BA2C34 /* NSAttributedString+Attributes.m in Sources */ = {isa = PBXBuildFile; fileRef = 6145384F14288F7600BA2C34 /* NSAttributedString+Attributes.m */; };
		6145385414288F7600BA2C34 /* OHAttributedLabel.m in Sources */ = {isa = PBXBuildFile; fileRef = 6145385014288F7600BA2C34 /* OHAttributedLabel.m */; };
		614538561428930B00BA2C34 /* CoreText.framework in Frameworks */ = {isa = PBXBuildFile; fileRef = 614538551428930B00BA2C34 /* CoreText.framework */; };
		614E3E9C141DDD9200418314 /* CFNetwork.framework in Frameworks */ = {isa = PBXBuildFile; fileRef = 614E3E9B141DDD9200418314 /* CFNetwork.framework */; };
		614E3E9E141DDDA200418314 /* SystemConfiguration.framework in Frameworks */ = {isa = PBXBuildFile; fileRef = 614E3E9D141DDDA200418314 /* SystemConfiguration.framework */; };
		614E3EA0141DDDB200418314 /* libz.1.2.3.dylib in Frameworks */ = {isa = PBXBuildFile; fileRef = 614E3E9F141DDDB200418314 /* libz.1.2.3.dylib */; };
		614E3ED1141DE49D00418314 /* ASIAuthenticationDialog.m in Sources */ = {isa = PBXBuildFile; fileRef = 614E3EBE141DE47F00418314 /* ASIAuthenticationDialog.m */; };
		614E3ED2141DE49D00418314 /* ASIDataCompressor.m in Sources */ = {isa = PBXBuildFile; fileRef = 614E3EC1141DE48000418314 /* ASIDataCompressor.m */; };
		614E3ED3141DE49D00418314 /* ASIDataDecompressor.m in Sources */ = {isa = PBXBuildFile; fileRef = 614E3EC3141DE48200418314 /* ASIDataDecompressor.m */; };
		614E3ED4141DE49D00418314 /* ASIDownloadCache.m in Sources */ = {isa = PBXBuildFile; fileRef = 614E3EC5141DE48400418314 /* ASIDownloadCache.m */; };
		614E3ED5141DE49D00418314 /* ASIFormDataRequest.m in Sources */ = {isa = PBXBuildFile; fileRef = 614E3EC7141DE48600418314 /* ASIFormDataRequest.m */; };
		614E3ED6141DE49D00418314 /* ASIHTTPRequest.m in Sources */ = {isa = PBXBuildFile; fileRef = 614E3EC9141DE48900418314 /* ASIHTTPRequest.m */; };
		614E3ED7141DE49D00418314 /* ASIInputStream.m in Sources */ = {isa = PBXBuildFile; fileRef = 614E3ECD141DE49000418314 /* ASIInputStream.m */; };
		614E3ED8141DE49D00418314 /* ASINetworkQueue.m in Sources */ = {isa = PBXBuildFile; fileRef = 614E3ECF141DE49600418314 /* ASINetworkQueue.m */; };
		614E3EDB141DE4BE00418314 /* Reachability.m in Sources */ = {isa = PBXBuildFile; fileRef = 614E3EDA141DE4BA00418314 /* Reachability.m */; };
		614E3EDE141DE6DA00418314 /* MobileCoreServices.framework in Frameworks */ = {isa = PBXBuildFile; fileRef = 614E3EDD141DE6DA00418314 /* MobileCoreServices.framework */; };
		614E3EF9141E026300418314 /* NSObject+SBJson.m in Sources */ = {isa = PBXBuildFile; fileRef = 614E3EE0141E026300418314 /* NSObject+SBJson.m */; };
		614E3EFA141E026300418314 /* SBJsonParser.m in Sources */ = {isa = PBXBuildFile; fileRef = 614E3EE1141E026300418314 /* SBJsonParser.m */; };
		614E3EFB141E026300418314 /* SBJsonStreamParser.m in Sources */ = {isa = PBXBuildFile; fileRef = 614E3EE2141E026300418314 /* SBJsonStreamParser.m */; };
		614E3EFC141E026300418314 /* SBJsonStreamParserAccumulator.m in Sources */ = {isa = PBXBuildFile; fileRef = 614E3EE3141E026300418314 /* SBJsonStreamParserAccumulator.m */; };
		614E3EFD141E026300418314 /* SBJsonStreamParserAdapter.m in Sources */ = {isa = PBXBuildFile; fileRef = 614E3EE4141E026300418314 /* SBJsonStreamParserAdapter.m */; };
		614E3EFE141E026300418314 /* SBJsonStreamParserState.m in Sources */ = {isa = PBXBuildFile; fileRef = 614E3EE5141E026300418314 /* SBJsonStreamParserState.m */; };
		614E3EFF141E026300418314 /* SBJsonStreamWriter.m in Sources */ = {isa = PBXBuildFile; fileRef = 614E3EE6141E026300418314 /* SBJsonStreamWriter.m */; };
		614E3F00141E026300418314 /* SBJsonStreamWriterAccumulator.m in Sources */ = {isa = PBXBuildFile; fileRef = 614E3EE7141E026300418314 /* SBJsonStreamWriterAccumulator.m */; };
		614E3F01141E026300418314 /* SBJsonStreamWriterState.m in Sources */ = {isa = PBXBuildFile; fileRef = 614E3EE8141E026300418314 /* SBJsonStreamWriterState.m */; };
		614E3F02141E026300418314 /* SBJsonTokeniser.m in Sources */ = {isa = PBXBuildFile; fileRef = 614E3EE9141E026300418314 /* SBJsonTokeniser.m */; };
		614E3F03141E026300418314 /* SBJsonUTF8Stream.m in Sources */ = {isa = PBXBuildFile; fileRef = 614E3EEA141E026300418314 /* SBJsonUTF8Stream.m */; };
		614E3F04141E026300418314 /* SBJsonWriter.m in Sources */ = {isa = PBXBuildFile; fileRef = 614E3EEB141E026300418314 /* SBJsonWriter.m */; };
		615E6A6F141F418F00400B60 /* blackArrow.png in Resources */ = {isa = PBXBuildFile; fileRef = 615E6A67141F418E00400B60 /* blackArrow.png */; };
		615E6A70141F418F00400B60 /* blackArrow@2x.png in Resources */ = {isa = PBXBuildFile; fileRef = 615E6A68141F418E00400B60 /* blackArrow@2x.png */; };
		615E6A71141F418F00400B60 /* blueArrow.png in Resources */ = {isa = PBXBuildFile; fileRef = 615E6A69141F418E00400B60 /* blueArrow.png */; };
		615E6A72141F418F00400B60 /* blueArrow@2x.png in Resources */ = {isa = PBXBuildFile; fileRef = 615E6A6A141F418E00400B60 /* blueArrow@2x.png */; };
		615E6A73141F418F00400B60 /* grayArrow.png in Resources */ = {isa = PBXBuildFile; fileRef = 615E6A6B141F418E00400B60 /* grayArrow.png */; };
		615E6A74141F418F00400B60 /* grayArrow@2x.png in Resources */ = {isa = PBXBuildFile; fileRef = 615E6A6C141F418F00400B60 /* grayArrow@2x.png */; };
		615E6A75141F418F00400B60 /* whiteArrow.png in Resources */ = {isa = PBXBuildFile; fileRef = 615E6A6D141F418F00400B60 /* whiteArrow.png */; };
		615E6A76141F418F00400B60 /* whiteArrow@2x.png in Resources */ = {isa = PBXBuildFile; fileRef = 615E6A6E141F418F00400B60 /* whiteArrow@2x.png */; };
		615E6A7A141F41B800400B60 /* EGORefreshTableHeaderView.m in Sources */ = {isa = PBXBuildFile; fileRef = 615E6A78141F41B800400B60 /* EGORefreshTableHeaderView.m */; };
		615E6A80141F478900400B60 /* QuartzCore.framework in Frameworks */ = {isa = PBXBuildFile; fileRef = 615E6A7F141F478900400B60 /* QuartzCore.framework */; };
		615E6A841420785200400B60 /* HelpSendViewController.m in Sources */ = {isa = PBXBuildFile; fileRef = 615E6A821420785100400B60 /* HelpSendViewController.m */; };
		615E6A851420785200400B60 /* HelpSendViewController.xib in Resources */ = {isa = PBXBuildFile; fileRef = 615E6A831420785200400B60 /* HelpSendViewController.xib */; };
		615E6A8F1423090200400B60 /* Loud.m in Sources */ = {isa = PBXBuildFile; fileRef = 615E6A8E1423090200400B60 /* Loud.m */; };
		615E6AE61424E05800400B60 /* LoginViewController.m in Sources */ = {isa = PBXBuildFile; fileRef = 615E6AE41424E05700400B60 /* LoginViewController.m */; };
		615E6AE71424E05800400B60 /* LoginViewController.xib in Resources */ = {isa = PBXBuildFile; fileRef = 615E6AE51424E05700400B60 /* LoginViewController.xib */; };
		615E6AEB1425BA6200400B60 /* button.png in Resources */ = {isa = PBXBuildFile; fileRef = 615E6AE91425BA6200400B60 /* button.png */; };
		615E6AEC1425BA6200400B60 /* button@2x.png in Resources */ = {isa = PBXBuildFile; fileRef = 615E6AEA1425BA6200400B60 /* button@2x.png */; };
		615E6AF01426066400400B60 /* Profile.m in Sources */ = {isa = PBXBuildFile; fileRef = 615E6AEF1426066400400B60 /* Profile.m */; };
		617E3A39141B584F00441135 /* UIKit.framework in Frameworks */ = {isa = PBXBuildFile; fileRef = 617E3A38141B584F00441135 /* UIKit.framework */; };
		617E3A3B141B584F00441135 /* Foundation.framework in Frameworks */ = {isa = PBXBuildFile; fileRef = 617E3A3A141B584F00441135 /* Foundation.framework */; };
		617E3A3D141B584F00441135 /* CoreGraphics.framework in Frameworks */ = {isa = PBXBuildFile; fileRef = 617E3A3C141B584F00441135 /* CoreGraphics.framework */; };
		617E3A3F141B584F00441135 /* CoreData.framework in Frameworks */ = {isa = PBXBuildFile; fileRef = 617E3A3E141B584F00441135 /* CoreData.framework */; };
		617E3A45141B584F00441135 /* InfoPlist.strings in Resources */ = {isa = PBXBuildFile; fileRef = 617E3A43141B584F00441135 /* InfoPlist.strings */; };
		617E3A47141B584F00441135 /* main.m in Sources */ = {isa = PBXBuildFile; fileRef = 617E3A46141B584F00441135 /* main.m */; };
		617E3A4B141B584F00441135 /* WhoHelpAppDelegate.m in Sources */ = {isa = PBXBuildFile; fileRef = 617E3A4A141B584F00441135 /* WhoHelpAppDelegate.m */; };
		617E3A4E141B584F00441135 /* MainWindow.xib in Resources */ = {isa = PBXBuildFile; fileRef = 617E3A4C141B584F00441135 /* MainWindow.xib */; };
		617E3A51141B584F00441135 /* WhoHelp.xcdatamodeld in Sources */ = {isa = PBXBuildFile; fileRef = 617E3A4F141B584F00441135 /* WhoHelp.xcdatamodeld */; };
		617E3A59141B584F00441135 /* SenTestingKit.framework in Frameworks */ = {isa = PBXBuildFile; fileRef = 617E3A58141B584F00441135 /* SenTestingKit.framework */; };
		617E3A5A141B584F00441135 /* UIKit.framework in Frameworks */ = {isa = PBXBuildFile; fileRef = 617E3A38141B584F00441135 /* UIKit.framework */; };
		617E3A5B141B584F00441135 /* Foundation.framework in Frameworks */ = {isa = PBXBuildFile; fileRef = 617E3A3A141B584F00441135 /* Foundation.framework */; };
		617E3A5C141B584F00441135 /* CoreGraphics.framework in Frameworks */ = {isa = PBXBuildFile; fileRef = 617E3A3C141B584F00441135 /* CoreGraphics.framework */; };
		617E3A5D141B584F00441135 /* CoreData.framework in Frameworks */ = {isa = PBXBuildFile; fileRef = 617E3A3E141B584F00441135 /* CoreData.framework */; };
		617E3A65141B584F00441135 /* InfoPlist.strings in Resources */ = {isa = PBXBuildFile; fileRef = 617E3A63141B584F00441135 /* InfoPlist.strings */; };
		617E3A67141B584F00441135 /* WhoHelpTests.h in Resources */ = {isa = PBXBuildFile; fileRef = 617E3A66141B584F00441135 /* WhoHelpTests.h */; };
		617E3A69141B584F00441135 /* WhoHelpTests.m in Sources */ = {isa = PBXBuildFile; fileRef = 617E3A68141B584F00441135 /* WhoHelpTests.m */; };
		617E3A73141B587A00441135 /* CoreLocation.framework in Frameworks */ = {isa = PBXBuildFile; fileRef = 617E3A72141B587900441135 /* CoreLocation.framework */; };
		617E3A75141B588300441135 /* MapKit.framework in Frameworks */ = {isa = PBXBuildFile; fileRef = 617E3A74141B588300441135 /* MapKit.framework */; };
		617E3A79141B69D300441135 /* HelpListViewController.m in Sources */ = {isa = PBXBuildFile; fileRef = 617E3A77141B69D300441135 /* HelpListViewController.m */; };
		617E3A7A141B69D300441135 /* HelpListViewController.xib in Resources */ = {isa = PBXBuildFile; fileRef = 617E3A78141B69D300441135 /* HelpListViewController.xib */; };
		617E3A7F141B820300441135 /* HelpDetailViewController.m in Sources */ = {isa = PBXBuildFile; fileRef = 617E3A7D141B820300441135 /* HelpDetailViewController.m */; };
		617E3A80141B820300441135 /* HelpDetailViewController.xib in Resources */ = {isa = PBXBuildFile; fileRef = 617E3A7E141B820300441135 /* HelpDetailViewController.xib */; };
		617E3A89141B8D7400441135 /* HelpSettingViewController.m in Sources */ = {isa = PBXBuildFile; fileRef = 617E3A87141B8D7400441135 /* HelpSettingViewController.m */; };
		617E3A8A141B8D7400441135 /* HelpSettingViewController.xib in Resources */ = {isa = PBXBuildFile; fileRef = 617E3A88141B8D7400441135 /* HelpSettingViewController.xib */; };
		617E3A91141B956200441135 /* back@2x.png in Resources */ = {isa = PBXBuildFile; fileRef = 617E3A8B141B956200441135 /* back@2x.png */; };
		617E3A92141B956200441135 /* call@2x.png in Resources */ = {isa = PBXBuildFile; fileRef = 617E3A8C141B956200441135 /* call@2x.png */; };
		617E3A93141B956200441135 /* home@2x.png in Resources */ = {isa = PBXBuildFile; fileRef = 617E3A8D141B956200441135 /* home@2x.png */; };
		617E3A94141B956200441135 /* mail@2x.png in Resources */ = {isa = PBXBuildFile; fileRef = 617E3A8E141B956200441135 /* mail@2x.png */; };
		617E3A95141B956200441135 /* settings@2x.png in Resources */ = {isa = PBXBuildFile; fileRef = 617E3A8F141B956200441135 /* settings@2x.png */; };
		617E3A96141B956200441135 /* type@2x.png in Resources */ = {isa = PBXBuildFile; fileRef = 617E3A90141B956200441135 /* type@2x.png */; };
		617E3A9D141B9B1600441135 /* back.png in Resources */ = {isa = PBXBuildFile; fileRef = 617E3A97141B9B1500441135 /* back.png */; };
		617E3A9E141B9B1600441135 /* call.png in Resources */ = {isa = PBXBuildFile; fileRef = 617E3A98141B9B1500441135 /* call.png */; };
		617E3A9F141B9B1600441135 /* home.png in Resources */ = {isa = PBXBuildFile; fileRef = 617E3A99141B9B1500441135 /* home.png */; };
		617E3AA0141B9B1600441135 /* mail.png in Resources */ = {isa = PBXBuildFile; fileRef = 617E3A9A141B9B1500441135 /* mail.png */; };
		617E3AA1141B9B1600441135 /* settings.png in Resources */ = {isa = PBXBuildFile; fileRef = 617E3A9B141B9B1600441135 /* settings.png */; };
		617E3AA2141B9B1600441135 /* type.png in Resources */ = {isa = PBXBuildFile; fileRef = 617E3A9C141B9B1600441135 /* type.png */; };
		61B1342E1428D27C0067AF09 /* list_arrow.png in Resources */ = {isa = PBXBuildFile; fileRef = 61B1342D1428D27C0067AF09 /* list_arrow.png */; };
		61B1343E142A12BA0067AF09 /* ChangPassswordViewController.m in Sources */ = {isa = PBXBuildFile; fileRef = 61B1343C142A12B90067AF09 /* ChangPassswordViewController.m */; };
		61B1343F142A12BA0067AF09 /* ChangPassswordViewController.xib in Resources */ = {isa = PBXBuildFile; fileRef = 61B1343D142A12B90067AF09 /* ChangPassswordViewController.xib */; };
		61B13444142A249E0067AF09 /* ChangNameViewController.m in Sources */ = {isa = PBXBuildFile; fileRef = 61B13442142A249E0067AF09 /* ChangNameViewController.m */; };
		61B13445142A249E0067AF09 /* ChangNameViewController.xib in Resources */ = {isa = PBXBuildFile; fileRef = 61B13443142A249E0067AF09 /* ChangNameViewController.xib */; };
		61B13453142A26630067AF09 /* LoudManageViewController.m in Sources */ = {isa = PBXBuildFile; fileRef = 61B13451142A26620067AF09 /* LoudManageViewController.m */; };
		61B13454142A26630067AF09 /* LoudManageViewController.xib in Resources */ = {isa = PBXBuildFile; fileRef = 61B13452142A26620067AF09 /* LoudManageViewController.xib */; };
		61B1345D142A29EA0067AF09 /* DeleteAccountViewController.m in Sources */ = {isa = PBXBuildFile; fileRef = 61B1345B142A29E90067AF09 /* DeleteAccountViewController.m */; };
		61B1345E142A29EA0067AF09 /* DeleteAccountViewController.xib in Resources */ = {isa = PBXBuildFile; fileRef = 61B1345C142A29EA0067AF09 /* DeleteAccountViewController.xib */; };
		61B13463142DC0650067AF09 /* ResetPasswordViewController.m in Sources */ = {isa = PBXBuildFile; fileRef = 61B13461142DC0640067AF09 /* ResetPasswordViewController.m */; };
		61B13464142DC0650067AF09 /* ResetPasswordViewController.xib in Resources */ = {isa = PBXBuildFile; fileRef = 61B13462142DC0650067AF09 /* ResetPasswordViewController.xib */; };
/* End PBXBuildFile section */

/* Begin PBXContainerItemProxy section */
		617E3A5E141B584F00441135 /* PBXContainerItemProxy */ = {
			isa = PBXContainerItemProxy;
			containerPortal = 617E3A2B141B584E00441135 /* Project object */;
			proxyType = 1;
			remoteGlobalIDString = 617E3A33141B584F00441135;
			remoteInfo = WhoHelp;
		};
/* End PBXContainerItemProxy section */

/* Begin PBXFileReference section */
		6145384F14288F7600BA2C34 /* NSAttributedString+Attributes.m */ = {isa = PBXFileReference; fileEncoding = 4; lastKnownFileType = sourcecode.c.objc; path = "NSAttributedString+Attributes.m"; sourceTree = "<group>"; };
		6145385014288F7600BA2C34 /* OHAttributedLabel.m */ = {isa = PBXFileReference; fileEncoding = 4; lastKnownFileType = sourcecode.c.objc; path = OHAttributedLabel.m; sourceTree = "<group>"; };
		6145385114288F7600BA2C34 /* NSAttributedString+Attributes.h */ = {isa = PBXFileReference; fileEncoding = 4; lastKnownFileType = sourcecode.c.h; path = "NSAttributedString+Attributes.h"; sourceTree = "<group>"; };
		6145385214288F7600BA2C34 /* OHAttributedLabel.h */ = {isa = PBXFileReference; fileEncoding = 4; lastKnownFileType = sourcecode.c.h; path = OHAttributedLabel.h; sourceTree = "<group>"; };
		614538551428930B00BA2C34 /* CoreText.framework */ = {isa = PBXFileReference; lastKnownFileType = wrapper.framework; name = CoreText.framework; path = System/Library/Frameworks/CoreText.framework; sourceTree = SDKROOT; };
		614E3E9B141DDD9200418314 /* CFNetwork.framework */ = {isa = PBXFileReference; lastKnownFileType = wrapper.framework; name = CFNetwork.framework; path = System/Library/Frameworks/CFNetwork.framework; sourceTree = SDKROOT; };
		614E3E9D141DDDA200418314 /* SystemConfiguration.framework */ = {isa = PBXFileReference; lastKnownFileType = wrapper.framework; name = SystemConfiguration.framework; path = System/Library/Frameworks/SystemConfiguration.framework; sourceTree = SDKROOT; };
		614E3E9F141DDDB200418314 /* libz.1.2.3.dylib */ = {isa = PBXFileReference; lastKnownFileType = "compiled.mach-o.dylib"; name = libz.1.2.3.dylib; path = usr/lib/libz.1.2.3.dylib; sourceTree = SDKROOT; };
		614E3EBD141DE47F00418314 /* ASIAuthenticationDialog.h */ = {isa = PBXFileReference; fileEncoding = 4; lastKnownFileType = sourcecode.c.h; path = ASIAuthenticationDialog.h; sourceTree = "<group>"; };
		614E3EBE141DE47F00418314 /* ASIAuthenticationDialog.m */ = {isa = PBXFileReference; fileEncoding = 4; lastKnownFileType = sourcecode.c.objc; path = ASIAuthenticationDialog.m; sourceTree = "<group>"; };
		614E3EBF141DE47F00418314 /* ASICacheDelegate.h */ = {isa = PBXFileReference; fileEncoding = 4; lastKnownFileType = sourcecode.c.h; path = ASICacheDelegate.h; sourceTree = "<group>"; };
		614E3EC0141DE47F00418314 /* ASIDataCompressor.h */ = {isa = PBXFileReference; fileEncoding = 4; lastKnownFileType = sourcecode.c.h; path = ASIDataCompressor.h; sourceTree = "<group>"; };
		614E3EC1141DE48000418314 /* ASIDataCompressor.m */ = {isa = PBXFileReference; fileEncoding = 4; lastKnownFileType = sourcecode.c.objc; path = ASIDataCompressor.m; sourceTree = "<group>"; };
		614E3EC2141DE48100418314 /* ASIDataDecompressor.h */ = {isa = PBXFileReference; fileEncoding = 4; lastKnownFileType = sourcecode.c.h; path = ASIDataDecompressor.h; sourceTree = "<group>"; };
		614E3EC3141DE48200418314 /* ASIDataDecompressor.m */ = {isa = PBXFileReference; fileEncoding = 4; lastKnownFileType = sourcecode.c.objc; path = ASIDataDecompressor.m; sourceTree = "<group>"; };
		614E3EC4141DE48300418314 /* ASIDownloadCache.h */ = {isa = PBXFileReference; fileEncoding = 4; lastKnownFileType = sourcecode.c.h; path = ASIDownloadCache.h; sourceTree = "<group>"; };
		614E3EC5141DE48400418314 /* ASIDownloadCache.m */ = {isa = PBXFileReference; fileEncoding = 4; lastKnownFileType = sourcecode.c.objc; path = ASIDownloadCache.m; sourceTree = "<group>"; };
		614E3EC6141DE48500418314 /* ASIFormDataRequest.h */ = {isa = PBXFileReference; fileEncoding = 4; lastKnownFileType = sourcecode.c.h; path = ASIFormDataRequest.h; sourceTree = "<group>"; };
		614E3EC7141DE48600418314 /* ASIFormDataRequest.m */ = {isa = PBXFileReference; fileEncoding = 4; lastKnownFileType = sourcecode.c.objc; path = ASIFormDataRequest.m; sourceTree = "<group>"; };
		614E3EC8141DE48800418314 /* ASIHTTPRequest.h */ = {isa = PBXFileReference; fileEncoding = 4; lastKnownFileType = sourcecode.c.h; path = ASIHTTPRequest.h; sourceTree = "<group>"; };
		614E3EC9141DE48900418314 /* ASIHTTPRequest.m */ = {isa = PBXFileReference; fileEncoding = 4; lastKnownFileType = sourcecode.c.objc; path = ASIHTTPRequest.m; sourceTree = "<group>"; };
		614E3ECA141DE48B00418314 /* ASIHTTPRequestConfig.h */ = {isa = PBXFileReference; fileEncoding = 4; lastKnownFileType = sourcecode.c.h; path = ASIHTTPRequestConfig.h; sourceTree = "<group>"; };
		614E3ECB141DE48C00418314 /* ASIHTTPRequestDelegate.h */ = {isa = PBXFileReference; fileEncoding = 4; lastKnownFileType = sourcecode.c.h; path = ASIHTTPRequestDelegate.h; sourceTree = "<group>"; };
		614E3ECC141DE48E00418314 /* ASIInputStream.h */ = {isa = PBXFileReference; fileEncoding = 4; lastKnownFileType = sourcecode.c.h; path = ASIInputStream.h; sourceTree = "<group>"; };
		614E3ECD141DE49000418314 /* ASIInputStream.m */ = {isa = PBXFileReference; fileEncoding = 4; lastKnownFileType = sourcecode.c.objc; path = ASIInputStream.m; sourceTree = "<group>"; };
		614E3ECE141DE49200418314 /* ASINetworkQueue.h */ = {isa = PBXFileReference; fileEncoding = 4; lastKnownFileType = sourcecode.c.h; path = ASINetworkQueue.h; sourceTree = "<group>"; };
		614E3ECF141DE49600418314 /* ASINetworkQueue.m */ = {isa = PBXFileReference; fileEncoding = 4; lastKnownFileType = sourcecode.c.objc; path = ASINetworkQueue.m; sourceTree = "<group>"; };
		614E3ED0141DE49900418314 /* ASIProgressDelegate.h */ = {isa = PBXFileReference; fileEncoding = 4; lastKnownFileType = sourcecode.c.h; path = ASIProgressDelegate.h; sourceTree = "<group>"; };
		614E3ED9141DE4B700418314 /* Reachability.h */ = {isa = PBXFileReference; fileEncoding = 4; lastKnownFileType = sourcecode.c.h; path = Reachability.h; sourceTree = "<group>"; };
		614E3EDA141DE4BA00418314 /* Reachability.m */ = {isa = PBXFileReference; fileEncoding = 4; lastKnownFileType = sourcecode.c.objc; path = Reachability.m; sourceTree = "<group>"; };
		614E3EDD141DE6DA00418314 /* MobileCoreServices.framework */ = {isa = PBXFileReference; lastKnownFileType = wrapper.framework; name = MobileCoreServices.framework; path = System/Library/Frameworks/MobileCoreServices.framework; sourceTree = SDKROOT; };
		614E3EE0141E026300418314 /* NSObject+SBJson.m */ = {isa = PBXFileReference; fileEncoding = 4; lastKnownFileType = sourcecode.c.objc; path = "NSObject+SBJson.m"; sourceTree = "<group>"; };
		614E3EE1141E026300418314 /* SBJsonParser.m */ = {isa = PBXFileReference; fileEncoding = 4; lastKnownFileType = sourcecode.c.objc; path = SBJsonParser.m; sourceTree = "<group>"; };
		614E3EE2141E026300418314 /* SBJsonStreamParser.m */ = {isa = PBXFileReference; fileEncoding = 4; lastKnownFileType = sourcecode.c.objc; path = SBJsonStreamParser.m; sourceTree = "<group>"; };
		614E3EE3141E026300418314 /* SBJsonStreamParserAccumulator.m */ = {isa = PBXFileReference; fileEncoding = 4; lastKnownFileType = sourcecode.c.objc; path = SBJsonStreamParserAccumulator.m; sourceTree = "<group>"; };
		614E3EE4141E026300418314 /* SBJsonStreamParserAdapter.m */ = {isa = PBXFileReference; fileEncoding = 4; lastKnownFileType = sourcecode.c.objc; path = SBJsonStreamParserAdapter.m; sourceTree = "<group>"; };
		614E3EE5141E026300418314 /* SBJsonStreamParserState.m */ = {isa = PBXFileReference; fileEncoding = 4; lastKnownFileType = sourcecode.c.objc; path = SBJsonStreamParserState.m; sourceTree = "<group>"; };
		614E3EE6141E026300418314 /* SBJsonStreamWriter.m */ = {isa = PBXFileReference; fileEncoding = 4; lastKnownFileType = sourcecode.c.objc; path = SBJsonStreamWriter.m; sourceTree = "<group>"; };
		614E3EE7141E026300418314 /* SBJsonStreamWriterAccumulator.m */ = {isa = PBXFileReference; fileEncoding = 4; lastKnownFileType = sourcecode.c.objc; path = SBJsonStreamWriterAccumulator.m; sourceTree = "<group>"; };
		614E3EE8141E026300418314 /* SBJsonStreamWriterState.m */ = {isa = PBXFileReference; fileEncoding = 4; lastKnownFileType = sourcecode.c.objc; path = SBJsonStreamWriterState.m; sourceTree = "<group>"; };
		614E3EE9141E026300418314 /* SBJsonTokeniser.m */ = {isa = PBXFileReference; fileEncoding = 4; lastKnownFileType = sourcecode.c.objc; path = SBJsonTokeniser.m; sourceTree = "<group>"; };
		614E3EEA141E026300418314 /* SBJsonUTF8Stream.m */ = {isa = PBXFileReference; fileEncoding = 4; lastKnownFileType = sourcecode.c.objc; path = SBJsonUTF8Stream.m; sourceTree = "<group>"; };
		614E3EEB141E026300418314 /* SBJsonWriter.m */ = {isa = PBXFileReference; fileEncoding = 4; lastKnownFileType = sourcecode.c.objc; path = SBJsonWriter.m; sourceTree = "<group>"; };
		614E3EEC141E026300418314 /* NSObject+SBJson.h */ = {isa = PBXFileReference; fileEncoding = 4; lastKnownFileType = sourcecode.c.h; path = "NSObject+SBJson.h"; sourceTree = "<group>"; };
		614E3EED141E026300418314 /* SBJson.h */ = {isa = PBXFileReference; fileEncoding = 4; lastKnownFileType = sourcecode.c.h; path = SBJson.h; sourceTree = "<group>"; };
		614E3EEE141E026300418314 /* SBJsonParser.h */ = {isa = PBXFileReference; fileEncoding = 4; lastKnownFileType = sourcecode.c.h; path = SBJsonParser.h; sourceTree = "<group>"; };
		614E3EEF141E026300418314 /* SBJsonStreamParser.h */ = {isa = PBXFileReference; fileEncoding = 4; lastKnownFileType = sourcecode.c.h; path = SBJsonStreamParser.h; sourceTree = "<group>"; };
		614E3EF0141E026300418314 /* SBJsonStreamParserAccumulator.h */ = {isa = PBXFileReference; fileEncoding = 4; lastKnownFileType = sourcecode.c.h; path = SBJsonStreamParserAccumulator.h; sourceTree = "<group>"; };
		614E3EF1141E026300418314 /* SBJsonStreamParserAdapter.h */ = {isa = PBXFileReference; fileEncoding = 4; lastKnownFileType = sourcecode.c.h; path = SBJsonStreamParserAdapter.h; sourceTree = "<group>"; };
		614E3EF2141E026300418314 /* SBJsonStreamParserState.h */ = {isa = PBXFileReference; fileEncoding = 4; lastKnownFileType = sourcecode.c.h; path = SBJsonStreamParserState.h; sourceTree = "<group>"; };
		614E3EF3141E026300418314 /* SBJsonStreamWriter.h */ = {isa = PBXFileReference; fileEncoding = 4; lastKnownFileType = sourcecode.c.h; path = SBJsonStreamWriter.h; sourceTree = "<group>"; };
		614E3EF4141E026300418314 /* SBJsonStreamWriterAccumulator.h */ = {isa = PBXFileReference; fileEncoding = 4; lastKnownFileType = sourcecode.c.h; path = SBJsonStreamWriterAccumulator.h; sourceTree = "<group>"; };
		614E3EF5141E026300418314 /* SBJsonStreamWriterState.h */ = {isa = PBXFileReference; fileEncoding = 4; lastKnownFileType = sourcecode.c.h; path = SBJsonStreamWriterState.h; sourceTree = "<group>"; };
		614E3EF6141E026300418314 /* SBJsonTokeniser.h */ = {isa = PBXFileReference; fileEncoding = 4; lastKnownFileType = sourcecode.c.h; path = SBJsonTokeniser.h; sourceTree = "<group>"; };
		614E3EF7141E026300418314 /* SBJsonUTF8Stream.h */ = {isa = PBXFileReference; fileEncoding = 4; lastKnownFileType = sourcecode.c.h; path = SBJsonUTF8Stream.h; sourceTree = "<group>"; };
		614E3EF8141E026300418314 /* SBJsonWriter.h */ = {isa = PBXFileReference; fileEncoding = 4; lastKnownFileType = sourcecode.c.h; path = SBJsonWriter.h; sourceTree = "<group>"; };
		615E6A67141F418E00400B60 /* blackArrow.png */ = {isa = PBXFileReference; lastKnownFileType = image.png; path = blackArrow.png; sourceTree = "<group>"; };
		615E6A68141F418E00400B60 /* blackArrow@2x.png */ = {isa = PBXFileReference; lastKnownFileType = image.png; path = "blackArrow@2x.png"; sourceTree = "<group>"; };
		615E6A69141F418E00400B60 /* blueArrow.png */ = {isa = PBXFileReference; lastKnownFileType = image.png; path = blueArrow.png; sourceTree = "<group>"; };
		615E6A6A141F418E00400B60 /* blueArrow@2x.png */ = {isa = PBXFileReference; lastKnownFileType = image.png; path = "blueArrow@2x.png"; sourceTree = "<group>"; };
		615E6A6B141F418E00400B60 /* grayArrow.png */ = {isa = PBXFileReference; lastKnownFileType = image.png; path = grayArrow.png; sourceTree = "<group>"; };
		615E6A6C141F418F00400B60 /* grayArrow@2x.png */ = {isa = PBXFileReference; lastKnownFileType = image.png; path = "grayArrow@2x.png"; sourceTree = "<group>"; };
		615E6A6D141F418F00400B60 /* whiteArrow.png */ = {isa = PBXFileReference; lastKnownFileType = image.png; path = whiteArrow.png; sourceTree = "<group>"; };
		615E6A6E141F418F00400B60 /* whiteArrow@2x.png */ = {isa = PBXFileReference; lastKnownFileType = image.png; path = "whiteArrow@2x.png"; sourceTree = "<group>"; };
		615E6A78141F41B800400B60 /* EGORefreshTableHeaderView.m */ = {isa = PBXFileReference; fileEncoding = 4; lastKnownFileType = sourcecode.c.objc; path = EGORefreshTableHeaderView.m; sourceTree = "<group>"; };
		615E6A79141F41B800400B60 /* EGORefreshTableHeaderView.h */ = {isa = PBXFileReference; fileEncoding = 4; lastKnownFileType = sourcecode.c.h; path = EGORefreshTableHeaderView.h; sourceTree = "<group>"; };
		615E6A7F141F478900400B60 /* QuartzCore.framework */ = {isa = PBXFileReference; lastKnownFileType = wrapper.framework; name = QuartzCore.framework; path = System/Library/Frameworks/QuartzCore.framework; sourceTree = SDKROOT; };
		615E6A811420785100400B60 /* HelpSendViewController.h */ = {isa = PBXFileReference; fileEncoding = 4; lastKnownFileType = sourcecode.c.h; path = HelpSendViewController.h; sourceTree = "<group>"; };
		615E6A821420785100400B60 /* HelpSendViewController.m */ = {isa = PBXFileReference; fileEncoding = 4; lastKnownFileType = sourcecode.c.objc; path = HelpSendViewController.m; sourceTree = "<group>"; };
		615E6A831420785200400B60 /* HelpSendViewController.xib */ = {isa = PBXFileReference; fileEncoding = 4; lastKnownFileType = file.xib; path = HelpSendViewController.xib; sourceTree = "<group>"; };
		615E6A8D1423090200400B60 /* Loud.h */ = {isa = PBXFileReference; fileEncoding = 4; lastKnownFileType = sourcecode.c.h; path = Loud.h; sourceTree = "<group>"; };
		615E6A8E1423090200400B60 /* Loud.m */ = {isa = PBXFileReference; fileEncoding = 4; lastKnownFileType = sourcecode.c.objc; path = Loud.m; sourceTree = "<group>"; };
		615E6AE31424E05600400B60 /* LoginViewController.h */ = {isa = PBXFileReference; fileEncoding = 4; lastKnownFileType = sourcecode.c.h; path = LoginViewController.h; sourceTree = "<group>"; };
		615E6AE41424E05700400B60 /* LoginViewController.m */ = {isa = PBXFileReference; fileEncoding = 4; lastKnownFileType = sourcecode.c.objc; path = LoginViewController.m; sourceTree = "<group>"; };
		615E6AE51424E05700400B60 /* LoginViewController.xib */ = {isa = PBXFileReference; fileEncoding = 4; lastKnownFileType = file.xib; path = LoginViewController.xib; sourceTree = "<group>"; };
		615E6AE91425BA6200400B60 /* button.png */ = {isa = PBXFileReference; lastKnownFileType = image.png; path = button.png; sourceTree = "<group>"; };
		615E6AEA1425BA6200400B60 /* button@2x.png */ = {isa = PBXFileReference; lastKnownFileType = image.png; path = "button@2x.png"; sourceTree = "<group>"; };
		615E6AED1425E41B00400B60 /* Config.h */ = {isa = PBXFileReference; fileEncoding = 4; lastKnownFileType = sourcecode.c.h; path = Config.h; sourceTree = "<group>"; };
		615E6AEE1426066400400B60 /* Profile.h */ = {isa = PBXFileReference; fileEncoding = 4; lastKnownFileType = sourcecode.c.h; path = Profile.h; sourceTree = "<group>"; };
		615E6AEF1426066400400B60 /* Profile.m */ = {isa = PBXFileReference; fileEncoding = 4; lastKnownFileType = sourcecode.c.objc; path = Profile.m; sourceTree = "<group>"; };
		617E3A34141B584F00441135 /* WhoHelp.app */ = {isa = PBXFileReference; explicitFileType = wrapper.application; includeInIndex = 0; path = WhoHelp.app; sourceTree = BUILT_PRODUCTS_DIR; };
		617E3A38141B584F00441135 /* UIKit.framework */ = {isa = PBXFileReference; lastKnownFileType = wrapper.framework; name = UIKit.framework; path = System/Library/Frameworks/UIKit.framework; sourceTree = SDKROOT; };
		617E3A3A141B584F00441135 /* Foundation.framework */ = {isa = PBXFileReference; lastKnownFileType = wrapper.framework; name = Foundation.framework; path = System/Library/Frameworks/Foundation.framework; sourceTree = SDKROOT; };
		617E3A3C141B584F00441135 /* CoreGraphics.framework */ = {isa = PBXFileReference; lastKnownFileType = wrapper.framework; name = CoreGraphics.framework; path = System/Library/Frameworks/CoreGraphics.framework; sourceTree = SDKROOT; };
		617E3A3E141B584F00441135 /* CoreData.framework */ = {isa = PBXFileReference; lastKnownFileType = wrapper.framework; name = CoreData.framework; path = System/Library/Frameworks/CoreData.framework; sourceTree = SDKROOT; };
		617E3A42141B584F00441135 /* WhoHelp-Info.plist */ = {isa = PBXFileReference; lastKnownFileType = text.plist.xml; path = "WhoHelp-Info.plist"; sourceTree = "<group>"; };
		617E3A44141B584F00441135 /* en */ = {isa = PBXFileReference; lastKnownFileType = text.plist.strings; name = en; path = en.lproj/InfoPlist.strings; sourceTree = "<group>"; };
		617E3A46141B584F00441135 /* main.m */ = {isa = PBXFileReference; lastKnownFileType = sourcecode.c.objc; path = main.m; sourceTree = "<group>"; };
		617E3A48141B584F00441135 /* WhoHelp-Prefix.pch */ = {isa = PBXFileReference; lastKnownFileType = sourcecode.c.h; path = "WhoHelp-Prefix.pch"; sourceTree = "<group>"; };
		617E3A49141B584F00441135 /* WhoHelpAppDelegate.h */ = {isa = PBXFileReference; lastKnownFileType = sourcecode.c.h; path = WhoHelpAppDelegate.h; sourceTree = "<group>"; };
		617E3A4A141B584F00441135 /* WhoHelpAppDelegate.m */ = {isa = PBXFileReference; lastKnownFileType = sourcecode.c.objc; path = WhoHelpAppDelegate.m; sourceTree = "<group>"; };
		617E3A4D141B584F00441135 /* en */ = {isa = PBXFileReference; lastKnownFileType = file.xib; name = en; path = en.lproj/MainWindow.xib; sourceTree = "<group>"; };
		617E3A50141B584F00441135 /* WhoHelp.xcdatamodel */ = {isa = PBXFileReference; lastKnownFileType = wrapper.xcdatamodel; path = WhoHelp.xcdatamodel; sourceTree = "<group>"; };
		617E3A57141B584F00441135 /* WhoHelpTests.octest */ = {isa = PBXFileReference; explicitFileType = wrapper.cfbundle; includeInIndex = 0; path = WhoHelpTests.octest; sourceTree = BUILT_PRODUCTS_DIR; };
		617E3A58141B584F00441135 /* SenTestingKit.framework */ = {isa = PBXFileReference; lastKnownFileType = wrapper.framework; name = SenTestingKit.framework; path = Library/Frameworks/SenTestingKit.framework; sourceTree = DEVELOPER_DIR; };
		617E3A62141B584F00441135 /* WhoHelpTests-Info.plist */ = {isa = PBXFileReference; lastKnownFileType = text.plist.xml; path = "WhoHelpTests-Info.plist"; sourceTree = "<group>"; };
		617E3A64141B584F00441135 /* en */ = {isa = PBXFileReference; lastKnownFileType = text.plist.strings; name = en; path = en.lproj/InfoPlist.strings; sourceTree = "<group>"; };
		617E3A66141B584F00441135 /* WhoHelpTests.h */ = {isa = PBXFileReference; lastKnownFileType = sourcecode.c.h; path = WhoHelpTests.h; sourceTree = "<group>"; };
		617E3A68141B584F00441135 /* WhoHelpTests.m */ = {isa = PBXFileReference; lastKnownFileType = sourcecode.c.objc; path = WhoHelpTests.m; sourceTree = "<group>"; };
		617E3A72141B587900441135 /* CoreLocation.framework */ = {isa = PBXFileReference; lastKnownFileType = wrapper.framework; name = CoreLocation.framework; path = System/Library/Frameworks/CoreLocation.framework; sourceTree = SDKROOT; };
		617E3A74141B588300441135 /* MapKit.framework */ = {isa = PBXFileReference; lastKnownFileType = wrapper.framework; name = MapKit.framework; path = System/Library/Frameworks/MapKit.framework; sourceTree = SDKROOT; };
		617E3A76141B69D300441135 /* HelpListViewController.h */ = {isa = PBXFileReference; fileEncoding = 4; lastKnownFileType = sourcecode.c.h; path = HelpListViewController.h; sourceTree = "<group>"; };
		617E3A77141B69D300441135 /* HelpListViewController.m */ = {isa = PBXFileReference; fileEncoding = 4; lastKnownFileType = sourcecode.c.objc; path = HelpListViewController.m; sourceTree = "<group>"; };
		617E3A78141B69D300441135 /* HelpListViewController.xib */ = {isa = PBXFileReference; fileEncoding = 4; lastKnownFileType = file.xib; path = HelpListViewController.xib; sourceTree = "<group>"; };
		617E3A7C141B820300441135 /* HelpDetailViewController.h */ = {isa = PBXFileReference; fileEncoding = 4; lastKnownFileType = sourcecode.c.h; path = HelpDetailViewController.h; sourceTree = "<group>"; };
		617E3A7D141B820300441135 /* HelpDetailViewController.m */ = {isa = PBXFileReference; fileEncoding = 4; lastKnownFileType = sourcecode.c.objc; path = HelpDetailViewController.m; sourceTree = "<group>"; };
		617E3A7E141B820300441135 /* HelpDetailViewController.xib */ = {isa = PBXFileReference; fileEncoding = 4; lastKnownFileType = file.xib; path = HelpDetailViewController.xib; sourceTree = "<group>"; };
		617E3A86141B8D7400441135 /* HelpSettingViewController.h */ = {isa = PBXFileReference; fileEncoding = 4; lastKnownFileType = sourcecode.c.h; path = HelpSettingViewController.h; sourceTree = "<group>"; };
		617E3A87141B8D7400441135 /* HelpSettingViewController.m */ = {isa = PBXFileReference; fileEncoding = 4; lastKnownFileType = sourcecode.c.objc; path = HelpSettingViewController.m; sourceTree = "<group>"; };
		617E3A88141B8D7400441135 /* HelpSettingViewController.xib */ = {isa = PBXFileReference; fileEncoding = 4; lastKnownFileType = file.xib; path = HelpSettingViewController.xib; sourceTree = "<group>"; };
		617E3A8B141B956200441135 /* back@2x.png */ = {isa = PBXFileReference; lastKnownFileType = image.png; path = "back@2x.png"; sourceTree = "<group>"; };
		617E3A8C141B956200441135 /* call@2x.png */ = {isa = PBXFileReference; lastKnownFileType = image.png; path = "call@2x.png"; sourceTree = "<group>"; };
		617E3A8D141B956200441135 /* home@2x.png */ = {isa = PBXFileReference; lastKnownFileType = image.png; path = "home@2x.png"; sourceTree = "<group>"; };
		617E3A8E141B956200441135 /* mail@2x.png */ = {isa = PBXFileReference; lastKnownFileType = image.png; path = "mail@2x.png"; sourceTree = "<group>"; };
		617E3A8F141B956200441135 /* settings@2x.png */ = {isa = PBXFileReference; lastKnownFileType = image.png; path = "settings@2x.png"; sourceTree = "<group>"; };
		617E3A90141B956200441135 /* type@2x.png */ = {isa = PBXFileReference; lastKnownFileType = image.png; path = "type@2x.png"; sourceTree = "<group>"; };
		617E3A97141B9B1500441135 /* back.png */ = {isa = PBXFileReference; lastKnownFileType = image.png; path = back.png; sourceTree = "<group>"; };
		617E3A98141B9B1500441135 /* call.png */ = {isa = PBXFileReference; lastKnownFileType = image.png; path = call.png; sourceTree = "<group>"; };
		617E3A99141B9B1500441135 /* home.png */ = {isa = PBXFileReference; lastKnownFileType = image.png; path = home.png; sourceTree = "<group>"; };
		617E3A9A141B9B1500441135 /* mail.png */ = {isa = PBXFileReference; lastKnownFileType = image.png; path = mail.png; sourceTree = "<group>"; };
		617E3A9B141B9B1600441135 /* settings.png */ = {isa = PBXFileReference; lastKnownFileType = image.png; path = settings.png; sourceTree = "<group>"; };
		617E3A9C141B9B1600441135 /* type.png */ = {isa = PBXFileReference; lastKnownFileType = image.png; path = type.png; sourceTree = "<group>"; };
		61B1342D1428D27C0067AF09 /* list_arrow.png */ = {isa = PBXFileReference; lastKnownFileType = image.png; path = list_arrow.png; sourceTree = "<group>"; };
		61B1343B142A12B90067AF09 /* ChangPassswordViewController.h */ = {isa = PBXFileReference; fileEncoding = 4; lastKnownFileType = sourcecode.c.h; path = ChangPassswordViewController.h; sourceTree = "<group>"; };
		61B1343C142A12B90067AF09 /* ChangPassswordViewController.m */ = {isa = PBXFileReference; fileEncoding = 4; lastKnownFileType = sourcecode.c.objc; path = ChangPassswordViewController.m; sourceTree = "<group>"; };
		61B1343D142A12B90067AF09 /* ChangPassswordViewController.xib */ = {isa = PBXFileReference; fileEncoding = 4; lastKnownFileType = file.xib; path = ChangPassswordViewController.xib; sourceTree = "<group>"; };
		61B13441142A249D0067AF09 /* ChangNameViewController.h */ = {isa = PBXFileReference; fileEncoding = 4; lastKnownFileType = sourcecode.c.h; path = ChangNameViewController.h; sourceTree = "<group>"; };
		61B13442142A249E0067AF09 /* ChangNameViewController.m */ = {isa = PBXFileReference; fileEncoding = 4; lastKnownFileType = sourcecode.c.objc; path = ChangNameViewController.m; sourceTree = "<group>"; };
		61B13443142A249E0067AF09 /* ChangNameViewController.xib */ = {isa = PBXFileReference; fileEncoding = 4; lastKnownFileType = file.xib; path = ChangNameViewController.xib; sourceTree = "<group>"; };
		61B13450142A26620067AF09 /* LoudManageViewController.h */ = {isa = PBXFileReference; fileEncoding = 4; lastKnownFileType = sourcecode.c.h; path = LoudManageViewController.h; sourceTree = "<group>"; };
		61B13451142A26620067AF09 /* LoudManageViewController.m */ = {isa = PBXFileReference; fileEncoding = 4; lastKnownFileType = sourcecode.c.objc; path = LoudManageViewController.m; sourceTree = "<group>"; };
		61B13452142A26620067AF09 /* LoudManageViewController.xib */ = {isa = PBXFileReference; fileEncoding = 4; lastKnownFileType = file.xib; path = LoudManageViewController.xib; sourceTree = "<group>"; };
		61B1345A142A29E90067AF09 /* DeleteAccountViewController.h */ = {isa = PBXFileReference; fileEncoding = 4; lastKnownFileType = sourcecode.c.h; path = DeleteAccountViewController.h; sourceTree = "<group>"; };
		61B1345B142A29E90067AF09 /* DeleteAccountViewController.m */ = {isa = PBXFileReference; fileEncoding = 4; lastKnownFileType = sourcecode.c.objc; path = DeleteAccountViewController.m; sourceTree = "<group>"; };
		61B1345C142A29EA0067AF09 /* DeleteAccountViewController.xib */ = {isa = PBXFileReference; fileEncoding = 4; lastKnownFileType = file.xib; path = DeleteAccountViewController.xib; sourceTree = "<group>"; };
		61B13460142DC0630067AF09 /* ResetPasswordViewController.h */ = {isa = PBXFileReference; fileEncoding = 4; lastKnownFileType = sourcecode.c.h; path = ResetPasswordViewController.h; sourceTree = "<group>"; };
		61B13461142DC0640067AF09 /* ResetPasswordViewController.m */ = {isa = PBXFileReference; fileEncoding = 4; lastKnownFileType = sourcecode.c.objc; path = ResetPasswordViewController.m; sourceTree = "<group>"; };
		61B13462142DC0650067AF09 /* ResetPasswordViewController.xib */ = {isa = PBXFileReference; fileEncoding = 4; lastKnownFileType = file.xib; path = ResetPasswordViewController.xib; sourceTree = "<group>"; };
/* End PBXFileReference section */

/* Begin PBXFrameworksBuildPhase section */
		617E3A31141B584F00441135 /* Frameworks */ = {
			isa = PBXFrameworksBuildPhase;
			buildActionMask = 2147483647;
			files = (
				614538561428930B00BA2C34 /* CoreText.framework in Frameworks */,
				615E6A80141F478900400B60 /* QuartzCore.framework in Frameworks */,
				614E3EDE141DE6DA00418314 /* MobileCoreServices.framework in Frameworks */,
				614E3EA0141DDDB200418314 /* libz.1.2.3.dylib in Frameworks */,
				614E3E9E141DDDA200418314 /* SystemConfiguration.framework in Frameworks */,
				614E3E9C141DDD9200418314 /* CFNetwork.framework in Frameworks */,
				617E3A75141B588300441135 /* MapKit.framework in Frameworks */,
				617E3A73141B587A00441135 /* CoreLocation.framework in Frameworks */,
				617E3A39141B584F00441135 /* UIKit.framework in Frameworks */,
				617E3A3B141B584F00441135 /* Foundation.framework in Frameworks */,
				617E3A3D141B584F00441135 /* CoreGraphics.framework in Frameworks */,
				617E3A3F141B584F00441135 /* CoreData.framework in Frameworks */,
			);
			runOnlyForDeploymentPostprocessing = 0;
		};
		617E3A53141B584F00441135 /* Frameworks */ = {
			isa = PBXFrameworksBuildPhase;
			buildActionMask = 2147483647;
			files = (
				617E3A59141B584F00441135 /* SenTestingKit.framework in Frameworks */,
				617E3A5A141B584F00441135 /* UIKit.framework in Frameworks */,
				617E3A5B141B584F00441135 /* Foundation.framework in Frameworks */,
				617E3A5C141B584F00441135 /* CoreGraphics.framework in Frameworks */,
				617E3A5D141B584F00441135 /* CoreData.framework in Frameworks */,
			);
			runOnlyForDeploymentPostprocessing = 0;
		};
/* End PBXFrameworksBuildPhase section */

/* Begin PBXGroup section */
		6145384D14288F5300BA2C34 /* OHAttributedLabel */ = {
			isa = PBXGroup;
			children = (
				6145384F14288F7600BA2C34 /* NSAttributedString+Attributes.m */,
				6145385014288F7600BA2C34 /* OHAttributedLabel.m */,
				6145385114288F7600BA2C34 /* NSAttributedString+Attributes.h */,
				6145385214288F7600BA2C34 /* OHAttributedLabel.h */,
			);
			name = OHAttributedLabel;
			sourceTree = "<group>";
		};
		614E3EDC141DE4CC00418314 /* RESTful */ = {
			isa = PBXGroup;
			children = (
				614E3ED9141DE4B700418314 /* Reachability.h */,
				614E3EDA141DE4BA00418314 /* Reachability.m */,
				614E3EBD141DE47F00418314 /* ASIAuthenticationDialog.h */,
				614E3EBE141DE47F00418314 /* ASIAuthenticationDialog.m */,
				614E3EBF141DE47F00418314 /* ASICacheDelegate.h */,
				614E3EC0141DE47F00418314 /* ASIDataCompressor.h */,
				614E3EC1141DE48000418314 /* ASIDataCompressor.m */,
				614E3EC2141DE48100418314 /* ASIDataDecompressor.h */,
				614E3EC3141DE48200418314 /* ASIDataDecompressor.m */,
				614E3EC4141DE48300418314 /* ASIDownloadCache.h */,
				614E3EC5141DE48400418314 /* ASIDownloadCache.m */,
				614E3EC6141DE48500418314 /* ASIFormDataRequest.h */,
				614E3EC7141DE48600418314 /* ASIFormDataRequest.m */,
				614E3EC8141DE48800418314 /* ASIHTTPRequest.h */,
				614E3EC9141DE48900418314 /* ASIHTTPRequest.m */,
				614E3ECA141DE48B00418314 /* ASIHTTPRequestConfig.h */,
				614E3ECB141DE48C00418314 /* ASIHTTPRequestDelegate.h */,
				614E3ECC141DE48E00418314 /* ASIInputStream.h */,
				614E3ECD141DE49000418314 /* ASIInputStream.m */,
				614E3ECE141DE49200418314 /* ASINetworkQueue.h */,
				614E3ECF141DE49600418314 /* ASINetworkQueue.m */,
				614E3ED0141DE49900418314 /* ASIProgressDelegate.h */,
			);
			name = RESTful;
			sourceTree = "<group>";
		};
		614E3EDF141E01DC00418314 /* JSON */ = {
			isa = PBXGroup;
			children = (
				614E3EE0141E026300418314 /* NSObject+SBJson.m */,
				614E3EE1141E026300418314 /* SBJsonParser.m */,
				614E3EE2141E026300418314 /* SBJsonStreamParser.m */,
				614E3EE3141E026300418314 /* SBJsonStreamParserAccumulator.m */,
				614E3EE4141E026300418314 /* SBJsonStreamParserAdapter.m */,
				614E3EE5141E026300418314 /* SBJsonStreamParserState.m */,
				614E3EE6141E026300418314 /* SBJsonStreamWriter.m */,
				614E3EE7141E026300418314 /* SBJsonStreamWriterAccumulator.m */,
				614E3EE8141E026300418314 /* SBJsonStreamWriterState.m */,
				614E3EE9141E026300418314 /* SBJsonTokeniser.m */,
				614E3EEA141E026300418314 /* SBJsonUTF8Stream.m */,
				614E3EEB141E026300418314 /* SBJsonWriter.m */,
				614E3EEC141E026300418314 /* NSObject+SBJson.h */,
				614E3EED141E026300418314 /* SBJson.h */,
				614E3EEE141E026300418314 /* SBJsonParser.h */,
				614E3EEF141E026300418314 /* SBJsonStreamParser.h */,
				614E3EF0141E026300418314 /* SBJsonStreamParserAccumulator.h */,
				614E3EF1141E026300418314 /* SBJsonStreamParserAdapter.h */,
				614E3EF2141E026300418314 /* SBJsonStreamParserState.h */,
				614E3EF3141E026300418314 /* SBJsonStreamWriter.h */,
				614E3EF4141E026300418314 /* SBJsonStreamWriterAccumulator.h */,
				614E3EF5141E026300418314 /* SBJsonStreamWriterState.h */,
				614E3EF6141E026300418314 /* SBJsonTokeniser.h */,
				614E3EF7141E026300418314 /* SBJsonUTF8Stream.h */,
				614E3EF8141E026300418314 /* SBJsonWriter.h */,
			);
			name = JSON;
			sourceTree = "<group>";
		};
		615E6A8C1422D8B700400B60 /* Refresh */ = {
			isa = PBXGroup;
			children = (
				615E6A79141F41B800400B60 /* EGORefreshTableHeaderView.h */,
				615E6A78141F41B800400B60 /* EGORefreshTableHeaderView.m */,
			);
			name = Refresh;
			sourceTree = "<group>";
		};
		617E3A29141B584E00441135 = {
			isa = PBXGroup;
			children = (
				617E3A40141B584F00441135 /* WhoHelp */,
				617E3A37141B584F00441135 /* Frameworks */,
				617E3A35141B584F00441135 /* Products */,
			);
			sourceTree = "<group>";
		};
		617E3A35141B584F00441135 /* Products */ = {
			isa = PBXGroup;
			children = (
				617E3A34141B584F00441135 /* WhoHelp.app */,
				617E3A57141B584F00441135 /* WhoHelpTests.octest */,
			);
			name = Products;
			sourceTree = "<group>";
		};
		617E3A37141B584F00441135 /* Frameworks */ = {
			isa = PBXGroup;
			children = (
				614538551428930B00BA2C34 /* CoreText.framework */,
				615E6A7F141F478900400B60 /* QuartzCore.framework */,
				614E3EDD141DE6DA00418314 /* MobileCoreServices.framework */,
				614E3E9F141DDDB200418314 /* libz.1.2.3.dylib */,
				614E3E9D141DDDA200418314 /* SystemConfiguration.framework */,
				614E3E9B141DDD9200418314 /* CFNetwork.framework */,
				617E3A74141B588300441135 /* MapKit.framework */,
				617E3A72141B587900441135 /* CoreLocation.framework */,
				617E3A38141B584F00441135 /* UIKit.framework */,
				617E3A3A141B584F00441135 /* Foundation.framework */,
				617E3A3C141B584F00441135 /* CoreGraphics.framework */,
				617E3A3E141B584F00441135 /* CoreData.framework */,
				617E3A58141B584F00441135 /* SenTestingKit.framework */,
			);
			name = Frameworks;
			sourceTree = "<group>";
		};
		617E3A40141B584F00441135 /* WhoHelp */ = {
			isa = PBXGroup;
			children = (
				61B1345F142A35B20067AF09 /* Setting */,
				6145384D14288F5300BA2C34 /* OHAttributedLabel */,
				615E6A8C1422D8B700400B60 /* Refresh */,
				614E3EDF141E01DC00418314 /* JSON */,
				614E3EDC141DE4CC00418314 /* RESTful */,
				615E6AED1425E41B00400B60 /* Config.h */,
				617E3A49141B584F00441135 /* WhoHelpAppDelegate.h */,
				617E3A4A141B584F00441135 /* WhoHelpAppDelegate.m */,
				617E3A4F141B584F00441135 /* WhoHelp.xcdatamodeld */,
				617E3A76141B69D300441135 /* HelpListViewController.h */,
				617E3A77141B69D300441135 /* HelpListViewController.m */,
				617E3A78141B69D300441135 /* HelpListViewController.xib */,
				617E3A86141B8D7400441135 /* HelpSettingViewController.h */,
				617E3A87141B8D7400441135 /* HelpSettingViewController.m */,
				617E3A88141B8D7400441135 /* HelpSettingViewController.xib */,
				617E3A7C141B820300441135 /* HelpDetailViewController.h */,
				617E3A7D141B820300441135 /* HelpDetailViewController.m */,
				617E3A7E141B820300441135 /* HelpDetailViewController.xib */,
				615E6A811420785100400B60 /* HelpSendViewController.h */,
				615E6A821420785100400B60 /* HelpSendViewController.m */,
				615E6A831420785200400B60 /* HelpSendViewController.xib */,
				617E3A4C141B584F00441135 /* MainWindow.xib */,
				617E3A41141B584F00441135 /* Supporting Files */,
				617E3A60141B584F00441135 /* WhoHelpTests */,
			);
			path = WhoHelp;
			sourceTree = "<group>";
		};
		617E3A41141B584F00441135 /* Supporting Files */ = {
			isa = PBXGroup;
			children = (
				61B1342D1428D27C0067AF09 /* list_arrow.png */,
				615E6AE91425BA6200400B60 /* button.png */,
				615E6AEA1425BA6200400B60 /* button@2x.png */,
				615E6A67141F418E00400B60 /* blackArrow.png */,
				615E6A68141F418E00400B60 /* blackArrow@2x.png */,
				615E6A69141F418E00400B60 /* blueArrow.png */,
				615E6A6A141F418E00400B60 /* blueArrow@2x.png */,
				615E6A6B141F418E00400B60 /* grayArrow.png */,
				615E6A6C141F418F00400B60 /* grayArrow@2x.png */,
				615E6A6D141F418F00400B60 /* whiteArrow.png */,
				615E6A6E141F418F00400B60 /* whiteArrow@2x.png */,
				617E3A97141B9B1500441135 /* back.png */,
				617E3A98141B9B1500441135 /* call.png */,
				617E3A99141B9B1500441135 /* home.png */,
				617E3A9A141B9B1500441135 /* mail.png */,
				617E3A9B141B9B1600441135 /* settings.png */,
				617E3A9C141B9B1600441135 /* type.png */,
				617E3A8B141B956200441135 /* back@2x.png */,
				617E3A8C141B956200441135 /* call@2x.png */,
				617E3A8D141B956200441135 /* home@2x.png */,
				617E3A8E141B956200441135 /* mail@2x.png */,
				617E3A8F141B956200441135 /* settings@2x.png */,
				617E3A90141B956200441135 /* type@2x.png */,
				617E3A42141B584F00441135 /* WhoHelp-Info.plist */,
				617E3A43141B584F00441135 /* InfoPlist.strings */,
				617E3A46141B584F00441135 /* main.m */,
				617E3A48141B584F00441135 /* WhoHelp-Prefix.pch */,
				615E6A8D1423090200400B60 /* Loud.h */,
				615E6A8E1423090200400B60 /* Loud.m */,
				615E6AEE1426066400400B60 /* Profile.h */,
				615E6AEF1426066400400B60 /* Profile.m */,
			);
			name = "Supporting Files";
			sourceTree = "<group>";
		};
		617E3A60141B584F00441135 /* WhoHelpTests */ = {
			isa = PBXGroup;
			children = (
				617E3A66141B584F00441135 /* WhoHelpTests.h */,
				617E3A68141B584F00441135 /* WhoHelpTests.m */,
				617E3A61141B584F00441135 /* Supporting Files */,
			);
			path = WhoHelpTests;
			sourceTree = SOURCE_ROOT;
		};
		617E3A61141B584F00441135 /* Supporting Files */ = {
			isa = PBXGroup;
			children = (
				617E3A62141B584F00441135 /* WhoHelpTests-Info.plist */,
				617E3A63141B584F00441135 /* InfoPlist.strings */,
			);
			name = "Supporting Files";
			sourceTree = "<group>";
		};
		61B1345F142A35B20067AF09 /* Setting */ = {
			isa = PBXGroup;
			children = (
				615E6AE31424E05600400B60 /* LoginViewController.h */,
				615E6AE41424E05700400B60 /* LoginViewController.m */,
				615E6AE51424E05700400B60 /* LoginViewController.xib */,
				61B1343B142A12B90067AF09 /* ChangPassswordViewController.h */,
				61B1343C142A12B90067AF09 /* ChangPassswordViewController.m */,
				61B1343D142A12B90067AF09 /* ChangPassswordViewController.xib */,
				61B13441142A249D0067AF09 /* ChangNameViewController.h */,
				61B13442142A249E0067AF09 /* ChangNameViewController.m */,
				61B13443142A249E0067AF09 /* ChangNameViewController.xib */,
				61B13450142A26620067AF09 /* LoudManageViewController.h */,
				61B13451142A26620067AF09 /* LoudManageViewController.m */,
				61B13452142A26620067AF09 /* LoudManageViewController.xib */,
				61B1345A142A29E90067AF09 /* DeleteAccountViewController.h */,
				61B1345B142A29E90067AF09 /* DeleteAccountViewController.m */,
				61B1345C142A29EA0067AF09 /* DeleteAccountViewController.xib */,
				61B13460142DC0630067AF09 /* ResetPasswordViewController.h */,
				61B13461142DC0640067AF09 /* ResetPasswordViewController.m */,
				61B13462142DC0650067AF09 /* ResetPasswordViewController.xib */,
			);
			name = Setting;
			sourceTree = "<group>";
		};
/* End PBXGroup section */

/* Begin PBXNativeTarget section */
		617E3A33141B584F00441135 /* WhoHelp */ = {
			isa = PBXNativeTarget;
			buildConfigurationList = 617E3A6C141B584F00441135 /* Build configuration list for PBXNativeTarget "WhoHelp" */;
			buildPhases = (
				617E3A30141B584F00441135 /* Sources */,
				617E3A31141B584F00441135 /* Frameworks */,
				617E3A32141B584F00441135 /* Resources */,
			);
			buildRules = (
			);
			dependencies = (
			);
			name = WhoHelp;
			productName = WhoHelp;
			productReference = 617E3A34141B584F00441135 /* WhoHelp.app */;
			productType = "com.apple.product-type.application";
		};
		617E3A56141B584F00441135 /* WhoHelpTests */ = {
			isa = PBXNativeTarget;
			buildConfigurationList = 617E3A6F141B584F00441135 /* Build configuration list for PBXNativeTarget "WhoHelpTests" */;
			buildPhases = (
				617E3A52141B584F00441135 /* Sources */,
				617E3A53141B584F00441135 /* Frameworks */,
				617E3A54141B584F00441135 /* Resources */,
				617E3A55141B584F00441135 /* ShellScript */,
			);
			buildRules = (
			);
			dependencies = (
				617E3A5F141B584F00441135 /* PBXTargetDependency */,
			);
			name = WhoHelpTests;
			productName = WhoHelpTests;
			productReference = 617E3A57141B584F00441135 /* WhoHelpTests.octest */;
			productType = "com.apple.product-type.bundle";
		};
/* End PBXNativeTarget section */

/* Begin PBXProject section */
		617E3A2B141B584E00441135 /* Project object */ = {
			isa = PBXProject;
			buildConfigurationList = 617E3A2E141B584E00441135 /* Build configuration list for PBXProject "WhoHelp" */;
			compatibilityVersion = "Xcode 3.2";
			developmentRegion = English;
			hasScannedForEncodings = 0;
			knownRegions = (
				en,
				"zh-Hans",
			);
			mainGroup = 617E3A29141B584E00441135;
			productRefGroup = 617E3A35141B584F00441135 /* Products */;
			projectDirPath = "";
			projectRoot = "";
			targets = (
				617E3A33141B584F00441135 /* WhoHelp */,
				617E3A56141B584F00441135 /* WhoHelpTests */,
			);
		};
/* End PBXProject section */

/* Begin PBXResourcesBuildPhase section */
		617E3A32141B584F00441135 /* Resources */ = {
			isa = PBXResourcesBuildPhase;
			buildActionMask = 2147483647;
			files = (
				617E3A45141B584F00441135 /* InfoPlist.strings in Resources */,
				617E3A4E141B584F00441135 /* MainWindow.xib in Resources */,
				617E3A7A141B69D300441135 /* HelpListViewController.xib in Resources */,
				617E3A80141B820300441135 /* HelpDetailViewController.xib in Resources */,
				617E3A8A141B8D7400441135 /* HelpSettingViewController.xib in Resources */,
				617E3A91141B956200441135 /* back@2x.png in Resources */,
				617E3A92141B956200441135 /* call@2x.png in Resources */,
				617E3A93141B956200441135 /* home@2x.png in Resources */,
				617E3A94141B956200441135 /* mail@2x.png in Resources */,
				617E3A95141B956200441135 /* settings@2x.png in Resources */,
				617E3A96141B956200441135 /* type@2x.png in Resources */,
				617E3A9D141B9B1600441135 /* back.png in Resources */,
				617E3A9E141B9B1600441135 /* call.png in Resources */,
				617E3A9F141B9B1600441135 /* home.png in Resources */,
				617E3AA0141B9B1600441135 /* mail.png in Resources */,
				617E3AA1141B9B1600441135 /* settings.png in Resources */,
				617E3AA2141B9B1600441135 /* type.png in Resources */,
				615E6A6F141F418F00400B60 /* blackArrow.png in Resources */,
				615E6A70141F418F00400B60 /* blackArrow@2x.png in Resources */,
				615E6A71141F418F00400B60 /* blueArrow.png in Resources */,
				615E6A72141F418F00400B60 /* blueArrow@2x.png in Resources */,
				615E6A73141F418F00400B60 /* grayArrow.png in Resources */,
				615E6A74141F418F00400B60 /* grayArrow@2x.png in Resources */,
				615E6A75141F418F00400B60 /* whiteArrow.png in Resources */,
				615E6A76141F418F00400B60 /* whiteArrow@2x.png in Resources */,
				615E6A851420785200400B60 /* HelpSendViewController.xib in Resources */,
				615E6AE71424E05800400B60 /* LoginViewController.xib in Resources */,
				615E6AEB1425BA6200400B60 /* button.png in Resources */,
				615E6AEC1425BA6200400B60 /* button@2x.png in Resources */,
				61B1342E1428D27C0067AF09 /* list_arrow.png in Resources */,
				61B1343F142A12BA0067AF09 /* ChangPassswordViewController.xib in Resources */,
				61B13445142A249E0067AF09 /* ChangNameViewController.xib in Resources */,
				61B13454142A26630067AF09 /* LoudManageViewController.xib in Resources */,
				61B1345E142A29EA0067AF09 /* DeleteAccountViewController.xib in Resources */,
				61B13464142DC0650067AF09 /* ResetPasswordViewController.xib in Resources */,
			);
			runOnlyForDeploymentPostprocessing = 0;
		};
		617E3A54141B584F00441135 /* Resources */ = {
			isa = PBXResourcesBuildPhase;
			buildActionMask = 2147483647;
			files = (
				617E3A65141B584F00441135 /* InfoPlist.strings in Resources */,
				617E3A67141B584F00441135 /* WhoHelpTests.h in Resources */,
			);
			runOnlyForDeploymentPostprocessing = 0;
		};
/* End PBXResourcesBuildPhase section */

/* Begin PBXShellScriptBuildPhase section */
		617E3A55141B584F00441135 /* ShellScript */ = {
			isa = PBXShellScriptBuildPhase;
			buildActionMask = 2147483647;
			files = (
			);
			inputPaths = (
			);
			outputPaths = (
			);
			runOnlyForDeploymentPostprocessing = 0;
			shellPath = /bin/sh;
			shellScript = "# Run the unit tests in this test bundle.\n\"${SYSTEM_DEVELOPER_DIR}/Tools/RunUnitTests\"\n";
		};
/* End PBXShellScriptBuildPhase section */

/* Begin PBXSourcesBuildPhase section */
		617E3A30141B584F00441135 /* Sources */ = {
			isa = PBXSourcesBuildPhase;
			buildActionMask = 2147483647;
			files = (
				617E3A47141B584F00441135 /* main.m in Sources */,
				617E3A4B141B584F00441135 /* WhoHelpAppDelegate.m in Sources */,
				617E3A51141B584F00441135 /* WhoHelp.xcdatamodeld in Sources */,
				617E3A79141B69D300441135 /* HelpListViewController.m in Sources */,
				617E3A7F141B820300441135 /* HelpDetailViewController.m in Sources */,
				617E3A89141B8D7400441135 /* HelpSettingViewController.m in Sources */,
				614E3ED1141DE49D00418314 /* ASIAuthenticationDialog.m in Sources */,
				614E3ED2141DE49D00418314 /* ASIDataCompressor.m in Sources */,
				614E3ED3141DE49D00418314 /* ASIDataDecompressor.m in Sources */,
				614E3ED4141DE49D00418314 /* ASIDownloadCache.m in Sources */,
				614E3ED5141DE49D00418314 /* ASIFormDataRequest.m in Sources */,
				614E3ED6141DE49D00418314 /* ASIHTTPRequest.m in Sources */,
				614E3ED7141DE49D00418314 /* ASIInputStream.m in Sources */,
				614E3ED8141DE49D00418314 /* ASINetworkQueue.m in Sources */,
				614E3EDB141DE4BE00418314 /* Reachability.m in Sources */,
				614E3EF9141E026300418314 /* NSObject+SBJson.m in Sources */,
				614E3EFA141E026300418314 /* SBJsonParser.m in Sources */,
				614E3EFB141E026300418314 /* SBJsonStreamParser.m in Sources */,
				614E3EFC141E026300418314 /* SBJsonStreamParserAccumulator.m in Sources */,
				614E3EFD141E026300418314 /* SBJsonStreamParserAdapter.m in Sources */,
				614E3EFE141E026300418314 /* SBJsonStreamParserState.m in Sources */,
				614E3EFF141E026300418314 /* SBJsonStreamWriter.m in Sources */,
				614E3F00141E026300418314 /* SBJsonStreamWriterAccumulator.m in Sources */,
				614E3F01141E026300418314 /* SBJsonStreamWriterState.m in Sources */,
				614E3F02141E026300418314 /* SBJsonTokeniser.m in Sources */,
				614E3F03141E026300418314 /* SBJsonUTF8Stream.m in Sources */,
				614E3F04141E026300418314 /* SBJsonWriter.m in Sources */,
				615E6A7A141F41B800400B60 /* EGORefreshTableHeaderView.m in Sources */,
				615E6A841420785200400B60 /* HelpSendViewController.m in Sources */,
				615E6A8F1423090200400B60 /* Loud.m in Sources */,
				615E6AE61424E05800400B60 /* LoginViewController.m in Sources */,
				615E6AF01426066400400B60 /* Profile.m in Sources */,
				6145385314288F7600BA2C34 /* NSAttributedString+Attributes.m in Sources */,
				6145385414288F7600BA2C34 /* OHAttributedLabel.m in Sources */,
				61B1343E142A12BA0067AF09 /* ChangPassswordViewController.m in Sources */,
				61B13444142A249E0067AF09 /* ChangNameViewController.m in Sources */,
				61B13453142A26630067AF09 /* LoudManageViewController.m in Sources */,
				61B1345D142A29EA0067AF09 /* DeleteAccountViewController.m in Sources */,
				61B13463142DC0650067AF09 /* ResetPasswordViewController.m in Sources */,
			);
			runOnlyForDeploymentPostprocessing = 0;
		};
		617E3A52141B584F00441135 /* Sources */ = {
			isa = PBXSourcesBuildPhase;
			buildActionMask = 2147483647;
			files = (
				617E3A69141B584F00441135 /* WhoHelpTests.m in Sources */,
			);
			runOnlyForDeploymentPostprocessing = 0;
		};
/* End PBXSourcesBuildPhase section */

/* Begin PBXTargetDependency section */
		617E3A5F141B584F00441135 /* PBXTargetDependency */ = {
			isa = PBXTargetDependency;
			target = 617E3A33141B584F00441135 /* WhoHelp */;
			targetProxy = 617E3A5E141B584F00441135 /* PBXContainerItemProxy */;
		};
/* End PBXTargetDependency section */

/* Begin PBXVariantGroup section */
		617E3A43141B584F00441135 /* InfoPlist.strings */ = {
			isa = PBXVariantGroup;
			children = (
				617E3A44141B584F00441135 /* en */,
			);
			name = InfoPlist.strings;
			sourceTree = "<group>";
		};
		617E3A4C141B584F00441135 /* MainWindow.xib */ = {
			isa = PBXVariantGroup;
			children = (
				617E3A4D141B584F00441135 /* en */,
			);
			name = MainWindow.xib;
			sourceTree = "<group>";
		};
		617E3A63141B584F00441135 /* InfoPlist.strings */ = {
			isa = PBXVariantGroup;
			children = (
				617E3A64141B584F00441135 /* en */,
			);
			name = InfoPlist.strings;
			sourceTree = "<group>";
		};
/* End PBXVariantGroup section */

/* Begin XCBuildConfiguration section */
		617E3A6A141B584F00441135 /* Debug */ = {
			isa = XCBuildConfiguration;
			buildSettings = {
				ALWAYS_SEARCH_USER_PATHS = NO;
				ARCHS = "$(ARCHS_STANDARD_32_BIT)";
				"CODE_SIGN_IDENTITY[sdk=iphoneos*]" = "iPhone Developer";
				COPY_PHASE_STRIP = NO;
				GCC_C_LANGUAGE_STANDARD = gnu99;
				GCC_DYNAMIC_NO_PIC = NO;
				GCC_OPTIMIZATION_LEVEL = 0;
				GCC_PREPROCESSOR_DEFINITIONS = (
					"DEBUG=1",
					"$(inherited)",
				);
				GCC_SYMBOLS_PRIVATE_EXTERN = NO;
				GCC_VERSION = com.apple.compilers.llvmgcc42;
				GCC_WARN_ABOUT_MISSING_PROTOTYPES = YES;
				GCC_WARN_ABOUT_RETURN_TYPE = YES;
				GCC_WARN_UNUSED_VARIABLE = YES;
				IPHONEOS_DEPLOYMENT_TARGET = 4.3;
				SDKROOT = iphoneos;
			};
			name = Debug;
		};
		617E3A6B141B584F00441135 /* Release */ = {
			isa = XCBuildConfiguration;
			buildSettings = {
				ALWAYS_SEARCH_USER_PATHS = NO;
				ARCHS = "$(ARCHS_STANDARD_32_BIT)";
				"CODE_SIGN_IDENTITY[sdk=iphoneos*]" = "iPhone Developer";
				COPY_PHASE_STRIP = YES;
				GCC_C_LANGUAGE_STANDARD = gnu99;
				GCC_VERSION = com.apple.compilers.llvmgcc42;
				GCC_WARN_ABOUT_MISSING_PROTOTYPES = YES;
				GCC_WARN_ABOUT_RETURN_TYPE = YES;
				GCC_WARN_UNUSED_VARIABLE = YES;
				IPHONEOS_DEPLOYMENT_TARGET = 4.3;
				OTHER_CFLAGS = "-DNS_BLOCK_ASSERTIONS=1";
				SDKROOT = iphoneos;
				VALIDATE_PRODUCT = YES;
			};
			name = Release;
		};
		617E3A6D141B584F00441135 /* Debug */ = {
			isa = XCBuildConfiguration;
			buildSettings = {
				GCC_PRECOMPILE_PREFIX_HEADER = YES;
				GCC_PREFIX_HEADER = "WhoHelp/WhoHelp-Prefix.pch";
				INFOPLIST_FILE = "WhoHelp/WhoHelp-Info.plist";
				PRODUCT_NAME = "$(TARGET_NAME)";
				WRAPPER_EXTENSION = app;
			};
			name = Debug;
		};
		617E3A6E141B584F00441135 /* Release */ = {
			isa = XCBuildConfiguration;
			buildSettings = {
				GCC_PRECOMPILE_PREFIX_HEADER = YES;
				GCC_PREFIX_HEADER = "WhoHelp/WhoHelp-Prefix.pch";
				INFOPLIST_FILE = "WhoHelp/WhoHelp-Info.plist";
				PRODUCT_NAME = "$(TARGET_NAME)";
				WRAPPER_EXTENSION = app;
			};
			name = Release;
		};
		617E3A70141B584F00441135 /* Debug */ = {
			isa = XCBuildConfiguration;
			buildSettings = {
				BUNDLE_LOADER = "$(BUILT_PRODUCTS_DIR)/WhoHelp.app/WhoHelp";
				FRAMEWORK_SEARCH_PATHS = (
					"$(SDKROOT)/Developer/Library/Frameworks",
					"$(DEVELOPER_LIBRARY_DIR)/Frameworks",
				);
				GCC_PRECOMPILE_PREFIX_HEADER = YES;
				GCC_PREFIX_HEADER = "WhoHelp/WhoHelp-Prefix.pch";
				INFOPLIST_FILE = "WhoHelpTests/WhoHelpTests-Info.plist";
				PRODUCT_NAME = "$(TARGET_NAME)";
				TEST_HOST = "$(BUNDLE_LOADER)";
				WRAPPER_EXTENSION = octest;
			};
			name = Debug;
		};
		617E3A71141B584F00441135 /* Release */ = {
			isa = XCBuildConfiguration;
			buildSettings = {
				BUNDLE_LOADER = "$(BUILT_PRODUCTS_DIR)/WhoHelp.app/WhoHelp";
				FRAMEWORK_SEARCH_PATHS = (
					"$(SDKROOT)/Developer/Library/Frameworks",
					"$(DEVELOPER_LIBRARY_DIR)/Frameworks",
				);
				GCC_PRECOMPILE_PREFIX_HEADER = YES;
				GCC_PREFIX_HEADER = "WhoHelp/WhoHelp-Prefix.pch";
				INFOPLIST_FILE = "WhoHelpTests/WhoHelpTests-Info.plist";
				PRODUCT_NAME = "$(TARGET_NAME)";
				TEST_HOST = "$(BUNDLE_LOADER)";
				WRAPPER_EXTENSION = octest;
			};
			name = Release;
		};
/* End XCBuildConfiguration section */

/* Begin XCConfigurationList section */
		617E3A2E141B584E00441135 /* Build configuration list for PBXProject "WhoHelp" */ = {
			isa = XCConfigurationList;
			buildConfigurations = (
				617E3A6A141B584F00441135 /* Debug */,
				617E3A6B141B584F00441135 /* Release */,
			);
			defaultConfigurationIsVisible = 0;
			defaultConfigurationName = Release;
		};
		617E3A6C141B584F00441135 /* Build configuration list for PBXNativeTarget "WhoHelp" */ = {
			isa = XCConfigurationList;
			buildConfigurations = (
				617E3A6D141B584F00441135 /* Debug */,
				617E3A6E141B584F00441135 /* Release */,
			);
			defaultConfigurationIsVisible = 0;
			defaultConfigurationName = Release;
		};
		617E3A6F141B584F00441135 /* Build configuration list for PBXNativeTarget "WhoHelpTests" */ = {
			isa = XCConfigurationList;
			buildConfigurations = (
				617E3A70141B584F00441135 /* Debug */,
				617E3A71141B584F00441135 /* Release */,
			);
			defaultConfigurationIsVisible = 0;
			defaultConfigurationName = Release;
		};
/* End XCConfigurationList section */

/* Begin XCVersionGroup section */
		617E3A4F141B584F00441135 /* WhoHelp.xcdatamodeld */ = {
			isa = XCVersionGroup;
			children = (
				617E3A50141B584F00441135 /* WhoHelp.xcdatamodel */,
			);
			currentVersion = 617E3A50141B584F00441135 /* WhoHelp.xcdatamodel */;
			path = WhoHelp.xcdatamodeld;
			sourceTree = "<group>";
			versionGroupType = wrapper.xcdatamodel;
		};
/* End XCVersionGroup section */
	};
	rootObject = 617E3A2B141B584E00441135 /* Project object */;
}
