// !$*UTF8*$!
{
	archiveVersion = 1;
	classes = {
	};
	objectVersion = 46;
	objects = {

/* Begin PBXBuildFile section */
		610114A5146F5A5C00CDDF57 /* icon.png in Resources */ = {isa = PBXBuildFile; fileRef = 610114A3146F5A5C00CDDF57 /* icon.png */; };
		610114A6146F5A5C00CDDF57 /* icon@2x.png in Resources */ = {isa = PBXBuildFile; fileRef = 610114A4146F5A5C00CDDF57 /* icon@2x.png */; };
		6102B21914376FC1007F728C /* LocationController.m in Sources */ = {isa = PBXBuildFile; fileRef = 6102B21814376FC0007F728C /* LocationController.m */; };
		6102B2211437740E007F728C /* Default.png in Resources */ = {isa = PBXBuildFile; fileRef = 6102B21F1437740E007F728C /* Default.png */; };
		6102B2221437740E007F728C /* Default@2x.png in Resources */ = {isa = PBXBuildFile; fileRef = 6102B2201437740E007F728C /* Default@2x.png */; };
		611FD79A143B20F100398709 /* LoudTableCell.m in Sources */ = {isa = PBXBuildFile; fileRef = 611FD799143B20F100398709 /* LoudTableCell.m */; };
		611FD79F143B4CD300398709 /* LawViewController.m in Sources */ = {isa = PBXBuildFile; fileRef = 611FD79D143B4CD100398709 /* LawViewController.m */; };
		611FD7A0143B4CD300398709 /* LawViewController.xib in Resources */ = {isa = PBXBuildFile; fileRef = 611FD79E143B4CD200398709 /* LawViewController.xib */; };
		6130E39E143C1E0800D0C952 /* libz.1.2.5.dylib in Frameworks */ = {isa = PBXBuildFile; fileRef = 6130E39D143C1E0800D0C952 /* libz.1.2.5.dylib */; };
		6145385314288F7600BA2C34 /* NSAttributedString+Attributes.m in Sources */ = {isa = PBXBuildFile; fileRef = 6145384F14288F7600BA2C34 /* NSAttributedString+Attributes.m */; };
		6145385414288F7600BA2C34 /* OHAttributedLabel.m in Sources */ = {isa = PBXBuildFile; fileRef = 6145385014288F7600BA2C34 /* OHAttributedLabel.m */; };
		614538561428930B00BA2C34 /* CoreText.framework in Frameworks */ = {isa = PBXBuildFile; fileRef = 614538551428930B00BA2C34 /* CoreText.framework */; };
		6149FE57143894BD0093814A /* ProfileManager.m in Sources */ = {isa = PBXBuildFile; fileRef = 6149FE56143894BC0093814A /* ProfileManager.m */; };
		6149FE641439EDA00093814A /* bird.aif in Resources */ = {isa = PBXBuildFile; fileRef = 6149FE631439ED9F0093814A /* bird.aif */; };
		614E3E9C141DDD9200418314 /* CFNetwork.framework in Frameworks */ = {isa = PBXBuildFile; fileRef = 614E3E9B141DDD9200418314 /* CFNetwork.framework */; };
		614E3E9E141DDDA200418314 /* SystemConfiguration.framework in Frameworks */ = {isa = PBXBuildFile; fileRef = 614E3E9D141DDDA200418314 /* SystemConfiguration.framework */; };
		614E3ED1141DE49D00418314 /* ASIAuthenticationDialog.m in Sources */ = {isa = PBXBuildFile; fileRef = 614E3EBE141DE47F00418314 /* ASIAuthenticationDialog.m */; };
		614E3ED2141DE49D00418314 /* ASIDataCompressor.m in Sources */ = {isa = PBXBuildFile; fileRef = 614E3EC1141DE48000418314 /* ASIDataCompressor.m */; };
		614E3ED3141DE49D00418314 /* ASIDataDecompressor.m in Sources */ = {isa = PBXBuildFile; fileRef = 614E3EC3141DE48200418314 /* ASIDataDecompressor.m */; };
		614E3ED4141DE49D00418314 /* ASIDownloadCache.m in Sources */ = {isa = PBXBuildFile; fileRef = 614E3EC5141DE48400418314 /* ASIDownloadCache.m */; };
		614E3ED5141DE49D00418314 /* ASIFormDataRequest.m in Sources */ = {isa = PBXBuildFile; fileRef = 614E3EC7141DE48600418314 /* ASIFormDataRequest.m */; };
		614E3ED6141DE49D00418314 /* ASIHTTPRequest.m in Sources */ = {isa = PBXBuildFile; fileRef = 614E3EC9141DE48900418314 /* ASIHTTPRequest.m */; };
		614E3ED7141DE49D00418314 /* ASIInputStream.m in Sources */ = {isa = PBXBuildFile; fileRef = 614E3ECD141DE49000418314 /* ASIInputStream.m */; };
		614E3ED8141DE49D00418314 /* ASINetworkQueue.m in Sources */ = {isa = PBXBuildFile; fileRef = 614E3ECF141DE49600418314 /* ASINetworkQueue.m */; };
		614E3EDB141DE4BE00418314 /* Reachability.m in Sources */ = {isa = PBXBuildFile; fileRef = 614E3EDA141DE4BA00418314 /* Reachability.m */; };
		614E3EDE141DE6DA00418314 /* MobileCoreServices.framework in Frameworks */ = {isa = PBXBuildFile; fileRef = 614E3EDD141DE6DA00418314 /* MobileCoreServices.framework */; };
		614E3EF9141E026300418314 /* NSObject+SBJson.m in Sources */ = {isa = PBXBuildFile; fileRef = 614E3EE0141E026300418314 /* NSObject+SBJson.m */; };
		614E3EFA141E026300418314 /* SBJsonParser.m in Sources */ = {isa = PBXBuildFile; fileRef = 614E3EE1141E026300418314 /* SBJsonParser.m */; };
		614E3EFB141E026300418314 /* SBJsonStreamParser.m in Sources */ = {isa = PBXBuildFile; fileRef = 614E3EE2141E026300418314 /* SBJsonStreamParser.m */; };
		614E3EFC141E026300418314 /* SBJsonStreamParserAccumulator.m in Sources */ = {isa = PBXBuildFile; fileRef = 614E3EE3141E026300418314 /* SBJsonStreamParserAccumulator.m */; };
		614E3EFD141E026300418314 /* SBJsonStreamParserAdapter.m in Sources */ = {isa = PBXBuildFile; fileRef = 614E3EE4141E026300418314 /* SBJsonStreamParserAdapter.m */; };
		614E3EFE141E026300418314 /* SBJsonStreamParserState.m in Sources */ = {isa = PBXBuildFile; fileRef = 614E3EE5141E026300418314 /* SBJsonStreamParserState.m */; };
		614E3EFF141E026300418314 /* SBJsonStreamWriter.m in Sources */ = {isa = PBXBuildFile; fileRef = 614E3EE6141E026300418314 /* SBJsonStreamWriter.m */; };
		614E3F00141E026300418314 /* SBJsonStreamWriterAccumulator.m in Sources */ = {isa = PBXBuildFile; fileRef = 614E3EE7141E026300418314 /* SBJsonStreamWriterAccumulator.m */; };
		614E3F01141E026300418314 /* SBJsonStreamWriterState.m in Sources */ = {isa = PBXBuildFile; fileRef = 614E3EE8141E026300418314 /* SBJsonStreamWriterState.m */; };
		614E3F02141E026300418314 /* SBJsonTokeniser.m in Sources */ = {isa = PBXBuildFile; fileRef = 614E3EE9141E026300418314 /* SBJsonTokeniser.m */; };
		614E3F03141E026300418314 /* SBJsonUTF8Stream.m in Sources */ = {isa = PBXBuildFile; fileRef = 614E3EEA141E026300418314 /* SBJsonUTF8Stream.m */; };
		614E3F04141E026300418314 /* SBJsonWriter.m in Sources */ = {isa = PBXBuildFile; fileRef = 614E3EEB141E026300418314 /* SBJsonWriter.m */; };
		615E66F3144170E2002E36C3 /* SSTextView.m in Sources */ = {isa = PBXBuildFile; fileRef = 615E66F2144170E2002E36C3 /* SSTextView.m */; };
		615E6A6F141F418F00400B60 /* blackArrow.png in Resources */ = {isa = PBXBuildFile; fileRef = 615E6A67141F418E00400B60 /* blackArrow.png */; };
		615E6A70141F418F00400B60 /* blackArrow@2x.png in Resources */ = {isa = PBXBuildFile; fileRef = 615E6A68141F418E00400B60 /* blackArrow@2x.png */; };
		615E6A71141F418F00400B60 /* blueArrow.png in Resources */ = {isa = PBXBuildFile; fileRef = 615E6A69141F418E00400B60 /* blueArrow.png */; };
		615E6A72141F418F00400B60 /* blueArrow@2x.png in Resources */ = {isa = PBXBuildFile; fileRef = 615E6A6A141F418E00400B60 /* blueArrow@2x.png */; };
		615E6A73141F418F00400B60 /* grayArrow.png in Resources */ = {isa = PBXBuildFile; fileRef = 615E6A6B141F418E00400B60 /* grayArrow.png */; };
		615E6A74141F418F00400B60 /* grayArrow@2x.png in Resources */ = {isa = PBXBuildFile; fileRef = 615E6A6C141F418F00400B60 /* grayArrow@2x.png */; };
		615E6A75141F418F00400B60 /* whiteArrow.png in Resources */ = {isa = PBXBuildFile; fileRef = 615E6A6D141F418F00400B60 /* whiteArrow.png */; };
		615E6A76141F418F00400B60 /* whiteArrow@2x.png in Resources */ = {isa = PBXBuildFile; fileRef = 615E6A6E141F418F00400B60 /* whiteArrow@2x.png */; };
		615E6A7A141F41B800400B60 /* EGORefreshTableHeaderView.m in Sources */ = {isa = PBXBuildFile; fileRef = 615E6A78141F41B800400B60 /* EGORefreshTableHeaderView.m */; };
		615E6A80141F478900400B60 /* QuartzCore.framework in Frameworks */ = {isa = PBXBuildFile; fileRef = 615E6A7F141F478900400B60 /* QuartzCore.framework */; };
		615E6A841420785200400B60 /* HelpSendViewController.m in Sources */ = {isa = PBXBuildFile; fileRef = 615E6A821420785100400B60 /* HelpSendViewController.m */; };
		615E6A851420785200400B60 /* HelpSendViewController.xib in Resources */ = {isa = PBXBuildFile; fileRef = 615E6A831420785200400B60 /* HelpSendViewController.xib */; };
		615E6AEB1425BA6200400B60 /* button.png in Resources */ = {isa = PBXBuildFile; fileRef = 615E6AE91425BA6200400B60 /* button.png */; };
		615E6AEC1425BA6200400B60 /* button@2x.png in Resources */ = {isa = PBXBuildFile; fileRef = 615E6AEA1425BA6200400B60 /* button@2x.png */; };
		615E6AF01426066400400B60 /* Profile.m in Sources */ = {isa = PBXBuildFile; fileRef = 615E6AEF1426066400400B60 /* Profile.m */; };
		617E3A39141B584F00441135 /* UIKit.framework in Frameworks */ = {isa = PBXBuildFile; fileRef = 617E3A38141B584F00441135 /* UIKit.framework */; };
		617E3A3B141B584F00441135 /* Foundation.framework in Frameworks */ = {isa = PBXBuildFile; fileRef = 617E3A3A141B584F00441135 /* Foundation.framework */; };
		617E3A3D141B584F00441135 /* CoreGraphics.framework in Frameworks */ = {isa = PBXBuildFile; fileRef = 617E3A3C141B584F00441135 /* CoreGraphics.framework */; };
		617E3A3F141B584F00441135 /* CoreData.framework in Frameworks */ = {isa = PBXBuildFile; fileRef = 617E3A3E141B584F00441135 /* CoreData.framework */; };
		617E3A47141B584F00441135 /* main.m in Sources */ = {isa = PBXBuildFile; fileRef = 617E3A46141B584F00441135 /* main.m */; };
		617E3A4B141B584F00441135 /* WhoHelpAppDelegate.m in Sources */ = {isa = PBXBuildFile; fileRef = 617E3A4A141B584F00441135 /* WhoHelpAppDelegate.m */; };
		617E3A51141B584F00441135 /* WhoHelp.xcdatamodeld in Sources */ = {isa = PBXBuildFile; fileRef = 617E3A4F141B584F00441135 /* WhoHelp.xcdatamodeld */; };
		617E3A59141B584F00441135 /* SenTestingKit.framework in Frameworks */ = {isa = PBXBuildFile; fileRef = 617E3A58141B584F00441135 /* SenTestingKit.framework */; };
		617E3A5A141B584F00441135 /* UIKit.framework in Frameworks */ = {isa = PBXBuildFile; fileRef = 617E3A38141B584F00441135 /* UIKit.framework */; };
		617E3A5B141B584F00441135 /* Foundation.framework in Frameworks */ = {isa = PBXBuildFile; fileRef = 617E3A3A141B584F00441135 /* Foundation.framework */; };
		617E3A5C141B584F00441135 /* CoreGraphics.framework in Frameworks */ = {isa = PBXBuildFile; fileRef = 617E3A3C141B584F00441135 /* CoreGraphics.framework */; };
		617E3A5D141B584F00441135 /* CoreData.framework in Frameworks */ = {isa = PBXBuildFile; fileRef = 617E3A3E141B584F00441135 /* CoreData.framework */; };
		617E3A73141B587A00441135 /* CoreLocation.framework in Frameworks */ = {isa = PBXBuildFile; fileRef = 617E3A72141B587900441135 /* CoreLocation.framework */; };
		617E3A75141B588300441135 /* MapKit.framework in Frameworks */ = {isa = PBXBuildFile; fileRef = 617E3A74141B588300441135 /* MapKit.framework */; };
		617E3A79141B69D300441135 /* HelpListViewController.m in Sources */ = {isa = PBXBuildFile; fileRef = 617E3A77141B69D300441135 /* HelpListViewController.m */; };
		617E3A7A141B69D300441135 /* HelpListViewController.xib in Resources */ = {isa = PBXBuildFile; fileRef = 617E3A78141B69D300441135 /* HelpListViewController.xib */; };
		617E3A89141B8D7400441135 /* HelpSettingViewController.m in Sources */ = {isa = PBXBuildFile; fileRef = 617E3A87141B8D7400441135 /* HelpSettingViewController.m */; };
		617E3A8A141B8D7400441135 /* HelpSettingViewController.xib in Resources */ = {isa = PBXBuildFile; fileRef = 617E3A88141B8D7400441135 /* HelpSettingViewController.xib */; };
		617E3A91141B956200441135 /* back@2x.png in Resources */ = {isa = PBXBuildFile; fileRef = 617E3A8B141B956200441135 /* back@2x.png */; };
		617E3A92141B956200441135 /* call@2x.png in Resources */ = {isa = PBXBuildFile; fileRef = 617E3A8C141B956200441135 /* call@2x.png */; };
		617E3A94141B956200441135 /* mail@2x.png in Resources */ = {isa = PBXBuildFile; fileRef = 617E3A8E141B956200441135 /* mail@2x.png */; };
		617E3A96141B956200441135 /* type@2x.png in Resources */ = {isa = PBXBuildFile; fileRef = 617E3A90141B956200441135 /* type@2x.png */; };
		617E3A9D141B9B1600441135 /* back.png in Resources */ = {isa = PBXBuildFile; fileRef = 617E3A97141B9B1500441135 /* back.png */; };
		617E3A9E141B9B1600441135 /* call.png in Resources */ = {isa = PBXBuildFile; fileRef = 617E3A98141B9B1500441135 /* call.png */; };
		617E3AA0141B9B1600441135 /* mail.png in Resources */ = {isa = PBXBuildFile; fileRef = 617E3A9A141B9B1500441135 /* mail.png */; };
		617E3AA2141B9B1600441135 /* type.png in Resources */ = {isa = PBXBuildFile; fileRef = 617E3A9C141B9B1600441135 /* type.png */; };
		619B96A6143602A80017DE0D /* Utils.m in Sources */ = {isa = PBXBuildFile; fileRef = 619B96A5143602A70017DE0D /* Utils.m */; };
		61B1342E1428D27C0067AF09 /* list_arrow.png in Resources */ = {isa = PBXBuildFile; fileRef = 61B1342D1428D27C0067AF09 /* list_arrow.png */; };
		61D506D114AC54DF00B3C57E /* HelpPostViewController.m in Sources */ = {isa = PBXBuildFile; fileRef = 61D506CF14AC54DF00B3C57E /* HelpPostViewController.m */; };
		61D506D214AC54DF00B3C57E /* HelpPostViewController.xib in Resources */ = {isa = PBXBuildFile; fileRef = 61D506D014AC54DF00B3C57E /* HelpPostViewController.xib */; };
		61D506D614AC556900B3C57E /* HelpPrivateListViewController.m in Sources */ = {isa = PBXBuildFile; fileRef = 61D506D414AC556800B3C57E /* HelpPrivateListViewController.m */; };
		61D506D714AC556900B3C57E /* HelpPrivateListViewController.xib in Resources */ = {isa = PBXBuildFile; fileRef = 61D506D514AC556800B3C57E /* HelpPrivateListViewController.xib */; };
		61D506DB14AC558800B3C57E /* HelpPrizeViewController.m in Sources */ = {isa = PBXBuildFile; fileRef = 61D506D914AC558700B3C57E /* HelpPrizeViewController.m */; };
		61D506DC14AC558800B3C57E /* HelpPrizeViewController.xib in Resources */ = {isa = PBXBuildFile; fileRef = 61D506DA14AC558700B3C57E /* HelpPrizeViewController.xib */; };
		61D506DF14AC921A00B3C57E /* avatar.png in Resources */ = {isa = PBXBuildFile; fileRef = 61D506DE14AC921A00B3C57E /* avatar.png */; };
		61D506E314ACA9E400B3C57E /* SelectDateViewController.m in Sources */ = {isa = PBXBuildFile; fileRef = 61D506E114ACA9E400B3C57E /* SelectDateViewController.m */; };
		61D506E414ACA9E400B3C57E /* SelectDateViewController.xib in Resources */ = {isa = PBXBuildFile; fileRef = 61D506E214ACA9E400B3C57E /* SelectDateViewController.xib */; };
		61D506E814ACAA3500B3C57E /* SelectWardViewController.m in Sources */ = {isa = PBXBuildFile; fileRef = 61D506E614ACAA3500B3C57E /* SelectWardViewController.m */; };
		61D506E914ACAA3500B3C57E /* SelectWardViewController.xib in Resources */ = {isa = PBXBuildFile; fileRef = 61D506E714ACAA3500B3C57E /* SelectWardViewController.xib */; };
		61FCFE1E14A9D78E009F35C2 /* PreAuthViewController.xib in Resources */ = {isa = PBXBuildFile; fileRef = 61FCFE1814A9D78E009F35C2 /* PreAuthViewController.xib */; };
		61FCFE1F14A9D78E009F35C2 /* PreAuthViewController.m in Sources */ = {isa = PBXBuildFile; fileRef = 61FCFE1A14A9D78E009F35C2 /* PreAuthViewController.m */; };
		61FCFE2014A9D78E009F35C2 /* DoubanAuthViewController.m in Sources */ = {isa = PBXBuildFile; fileRef = 61FCFE1C14A9D78E009F35C2 /* DoubanAuthViewController.m */; };
		61FCFE2114A9D78E009F35C2 /* DoubanAuthViewController.xib in Resources */ = {isa = PBXBuildFile; fileRef = 61FCFE1D14A9D78E009F35C2 /* DoubanAuthViewController.xib */; };
		61FCFE2414A9DABF009F35C2 /* MainWindow.xib in Resources */ = {isa = PBXBuildFile; fileRef = 61FCFE2514A9DABF009F35C2 /* MainWindow.xib */; };
		61FCFE2614A9DAD0009F35C2 /* InfoPlist.strings in Resources */ = {isa = PBXBuildFile; fileRef = 61FCFE2714A9DAD0009F35C2 /* InfoPlist.strings */; };
		61FCFE3214A9DBF2009F35C2 /* help.png in Resources */ = {isa = PBXBuildFile; fileRef = 61FCFE2814A9DBF2009F35C2 /* help.png */; };
		61FCFE3314A9DBF2009F35C2 /* help@2x.png in Resources */ = {isa = PBXBuildFile; fileRef = 61FCFE2914A9DBF2009F35C2 /* help@2x.png */; };
		61FCFE3414A9DBF2009F35C2 /* mylist.png in Resources */ = {isa = PBXBuildFile; fileRef = 61FCFE2A14A9DBF2009F35C2 /* mylist.png */; };
		61FCFE3514A9DBF2009F35C2 /* mylist@2x.png in Resources */ = {isa = PBXBuildFile; fileRef = 61FCFE2B14A9DBF2009F35C2 /* mylist@2x.png */; };
		61FCFE3614A9DBF2009F35C2 /* nearby.png in Resources */ = {isa = PBXBuildFile; fileRef = 61FCFE2C14A9DBF2009F35C2 /* nearby.png */; };
		61FCFE3714A9DBF2009F35C2 /* nearby@2x.png in Resources */ = {isa = PBXBuildFile; fileRef = 61FCFE2D14A9DBF2009F35C2 /* nearby@2x.png */; };
		61FCFE3814A9DBF2009F35C2 /* prize.png in Resources */ = {isa = PBXBuildFile; fileRef = 61FCFE2E14A9DBF2009F35C2 /* prize.png */; };
		61FCFE3914A9DBF2009F35C2 /* prize@2x.png in Resources */ = {isa = PBXBuildFile; fileRef = 61FCFE2F14A9DBF2009F35C2 /* prize@2x.png */; };
		61FCFE3A14A9DBF2009F35C2 /* setting.png in Resources */ = {isa = PBXBuildFile; fileRef = 61FCFE3014A9DBF2009F35C2 /* setting.png */; };
		61FCFE3B14A9DBF2009F35C2 /* setting@2x.png in Resources */ = {isa = PBXBuildFile; fileRef = 61FCFE3114A9DBF2009F35C2 /* setting@2x.png */; };
/* End PBXBuildFile section */

/* Begin PBXContainerItemProxy section */
		617E3A5E141B584F00441135 /* PBXContainerItemProxy */ = {
			isa = PBXContainerItemProxy;
			containerPortal = 617E3A2B141B584E00441135 /* Project object */;
			proxyType = 1;
			remoteGlobalIDString = 617E3A33141B584F00441135;
			remoteInfo = WhoHelp;
		};
/* End PBXContainerItemProxy section */

/* Begin PBXFileReference section */
		610114A3146F5A5C00CDDF57 /* icon.png */ = {isa = PBXFileReference; lastKnownFileType = image.png; path = icon.png; sourceTree = "<group>"; };
		610114A4146F5A5C00CDDF57 /* icon@2x.png */ = {isa = PBXFileReference; lastKnownFileType = image.png; path = "icon@2x.png"; sourceTree = "<group>"; };
		6102B21714376FC0007F728C /* LocationController.h */ = {isa = PBXFileReference; fileEncoding = 4; lastKnownFileType = sourcecode.c.h; path = LocationController.h; sourceTree = "<group>"; };
		6102B21814376FC0007F728C /* LocationController.m */ = {isa = PBXFileReference; fileEncoding = 4; lastKnownFileType = sourcecode.c.objc; path = LocationController.m; sourceTree = "<group>"; };
		6102B21F1437740E007F728C /* Default.png */ = {isa = PBXFileReference; lastKnownFileType = image.png; path = Default.png; sourceTree = "<group>"; };
		6102B2201437740E007F728C /* Default@2x.png */ = {isa = PBXFileReference; lastKnownFileType = image.png; path = "Default@2x.png"; sourceTree = "<group>"; };
		611FD7911439F2A100398709 /* AudioToolbox.framework */ = {isa = PBXFileReference; lastKnownFileType = wrapper.framework; name = AudioToolbox.framework; path = System/Library/Frameworks/AudioToolbox.framework; sourceTree = SDKROOT; };
		611FD798143B20F100398709 /* LoudTableCell.h */ = {isa = PBXFileReference; fileEncoding = 4; lastKnownFileType = sourcecode.c.h; path = LoudTableCell.h; sourceTree = "<group>"; };
		611FD799143B20F100398709 /* LoudTableCell.m */ = {isa = PBXFileReference; fileEncoding = 4; lastKnownFileType = sourcecode.c.objc; path = LoudTableCell.m; sourceTree = "<group>"; };
		611FD79C143B4CD000398709 /* LawViewController.h */ = {isa = PBXFileReference; fileEncoding = 4; lastKnownFileType = sourcecode.c.h; path = LawViewController.h; sourceTree = "<group>"; };
		611FD79D143B4CD100398709 /* LawViewController.m */ = {isa = PBXFileReference; fileEncoding = 4; lastKnownFileType = sourcecode.c.objc; path = LawViewController.m; sourceTree = "<group>"; };
		611FD79E143B4CD200398709 /* LawViewController.xib */ = {isa = PBXFileReference; fileEncoding = 4; lastKnownFileType = file.xib; path = LawViewController.xib; sourceTree = "<group>"; };
		6130E39D143C1E0800D0C952 /* libz.1.2.5.dylib */ = {isa = PBXFileReference; lastKnownFileType = "compiled.mach-o.dylib"; name = libz.1.2.5.dylib; path = usr/lib/libz.1.2.5.dylib; sourceTree = SDKROOT; };
		6145384F14288F7600BA2C34 /* NSAttributedString+Attributes.m */ = {isa = PBXFileReference; fileEncoding = 4; lastKnownFileType = sourcecode.c.objc; path = "NSAttributedString+Attributes.m"; sourceTree = "<group>"; };
		6145385014288F7600BA2C34 /* OHAttributedLabel.m */ = {isa = PBXFileReference; fileEncoding = 4; lastKnownFileType = sourcecode.c.objc; path = OHAttributedLabel.m; sourceTree = "<group>"; };
		6145385114288F7600BA2C34 /* NSAttributedString+Attributes.h */ = {isa = PBXFileReference; fileEncoding = 4; lastKnownFileType = sourcecode.c.h; path = "NSAttributedString+Attributes.h"; sourceTree = "<group>"; };
		6145385214288F7600BA2C34 /* OHAttributedLabel.h */ = {isa = PBXFileReference; fileEncoding = 4; lastKnownFileType = sourcecode.c.h; path = OHAttributedLabel.h; sourceTree = "<group>"; };
		614538551428930B00BA2C34 /* CoreText.framework */ = {isa = PBXFileReference; lastKnownFileType = wrapper.framework; name = CoreText.framework; path = System/Library/Frameworks/CoreText.framework; sourceTree = SDKROOT; };
		6149FE55143894BC0093814A /* ProfileManager.h */ = {isa = PBXFileReference; fileEncoding = 4; lastKnownFileType = sourcecode.c.h; path = ProfileManager.h; sourceTree = "<group>"; };
		6149FE56143894BC0093814A /* ProfileManager.m */ = {isa = PBXFileReference; fileEncoding = 4; lastKnownFileType = sourcecode.c.objc; path = ProfileManager.m; sourceTree = "<group>"; };
		6149FE631439ED9F0093814A /* bird.aif */ = {isa = PBXFileReference; lastKnownFileType = file; path = bird.aif; sourceTree = "<group>"; };
		614E3E9B141DDD9200418314 /* CFNetwork.framework */ = {isa = PBXFileReference; lastKnownFileType = wrapper.framework; name = CFNetwork.framework; path = System/Library/Frameworks/CFNetwork.framework; sourceTree = SDKROOT; };
		614E3E9D141DDDA200418314 /* SystemConfiguration.framework */ = {isa = PBXFileReference; lastKnownFileType = wrapper.framework; name = SystemConfiguration.framework; path = System/Library/Frameworks/SystemConfiguration.framework; sourceTree = SDKROOT; };
		614E3EBD141DE47F00418314 /* ASIAuthenticationDialog.h */ = {isa = PBXFileReference; fileEncoding = 4; lastKnownFileType = sourcecode.c.h; path = ASIAuthenticationDialog.h; sourceTree = "<group>"; };
		614E3EBE141DE47F00418314 /* ASIAuthenticationDialog.m */ = {isa = PBXFileReference; fileEncoding = 4; lastKnownFileType = sourcecode.c.objc; path = ASIAuthenticationDialog.m; sourceTree = "<group>"; };
		614E3EBF141DE47F00418314 /* ASICacheDelegate.h */ = {isa = PBXFileReference; fileEncoding = 4; lastKnownFileType = sourcecode.c.h; path = ASICacheDelegate.h; sourceTree = "<group>"; };
		614E3EC0141DE47F00418314 /* ASIDataCompressor.h */ = {isa = PBXFileReference; fileEncoding = 4; lastKnownFileType = sourcecode.c.h; path = ASIDataCompressor.h; sourceTree = "<group>"; };
		614E3EC1141DE48000418314 /* ASIDataCompressor.m */ = {isa = PBXFileReference; fileEncoding = 4; lastKnownFileType = sourcecode.c.objc; path = ASIDataCompressor.m; sourceTree = "<group>"; };
		614E3EC2141DE48100418314 /* ASIDataDecompressor.h */ = {isa = PBXFileReference; fileEncoding = 4; lastKnownFileType = sourcecode.c.h; path = ASIDataDecompressor.h; sourceTree = "<group>"; };
		614E3EC3141DE48200418314 /* ASIDataDecompressor.m */ = {isa = PBXFileReference; fileEncoding = 4; lastKnownFileType = sourcecode.c.objc; path = ASIDataDecompressor.m; sourceTree = "<group>"; };
		614E3EC4141DE48300418314 /* ASIDownloadCache.h */ = {isa = PBXFileReference; fileEncoding = 4; lastKnownFileType = sourcecode.c.h; path = ASIDownloadCache.h; sourceTree = "<group>"; };
		614E3EC5141DE48400418314 /* ASIDownloadCache.m */ = {isa = PBXFileReference; fileEncoding = 4; lastKnownFileType = sourcecode.c.objc; path = ASIDownloadCache.m; sourceTree = "<group>"; };
		614E3EC6141DE48500418314 /* ASIFormDataRequest.h */ = {isa = PBXFileReference; fileEncoding = 4; lastKnownFileType = sourcecode.c.h; path = ASIFormDataRequest.h; sourceTree = "<group>"; };
		614E3EC7141DE48600418314 /* ASIFormDataRequest.m */ = {isa = PBXFileReference; fileEncoding = 4; lastKnownFileType = sourcecode.c.objc; path = ASIFormDataRequest.m; sourceTree = "<group>"; };
		614E3EC8141DE48800418314 /* ASIHTTPRequest.h */ = {isa = PBXFileReference; fileEncoding = 4; lastKnownFileType = sourcecode.c.h; path = ASIHTTPRequest.h; sourceTree = "<group>"; };
		614E3EC9141DE48900418314 /* ASIHTTPRequest.m */ = {isa = PBXFileReference; fileEncoding = 4; lastKnownFileType = sourcecode.c.objc; path = ASIHTTPRequest.m; sourceTree = "<group>"; };
		614E3ECA141DE48B00418314 /* ASIHTTPRequestConfig.h */ = {isa = PBXFileReference; fileEncoding = 4; lastKnownFileType = sourcecode.c.h; path = ASIHTTPRequestConfig.h; sourceTree = "<group>"; };
		614E3ECB141DE48C00418314 /* ASIHTTPRequestDelegate.h */ = {isa = PBXFileReference; fileEncoding = 4; lastKnownFileType = sourcecode.c.h; path = ASIHTTPRequestDelegate.h; sourceTree = "<group>"; };
		614E3ECC141DE48E00418314 /* ASIInputStream.h */ = {isa = PBXFileReference; fileEncoding = 4; lastKnownFileType = sourcecode.c.h; path = ASIInputStream.h; sourceTree = "<group>"; };
		614E3ECD141DE49000418314 /* ASIInputStream.m */ = {isa = PBXFileReference; fileEncoding = 4; lastKnownFileType = sourcecode.c.objc; path = ASIInputStream.m; sourceTree = "<group>"; };
		614E3ECE141DE49200418314 /* ASINetworkQueue.h */ = {isa = PBXFileReference; fileEncoding = 4; lastKnownFileType = sourcecode.c.h; path = ASINetworkQueue.h; sourceTree = "<group>"; };
		614E3ECF141DE49600418314 /* ASINetworkQueue.m */ = {isa = PBXFileReference; fileEncoding = 4; lastKnownFileType = sourcecode.c.objc; path = ASINetworkQueue.m; sourceTree = "<group>"; };
		614E3ED0141DE49900418314 /* ASIProgressDelegate.h */ = {isa = PBXFileReference; fileEncoding = 4; lastKnownFileType = sourcecode.c.h; path = ASIProgressDelegate.h; sourceTree = "<group>"; };
		614E3ED9141DE4B700418314 /* Reachability.h */ = {isa = PBXFileReference; fileEncoding = 4; lastKnownFileType = sourcecode.c.h; path = Reachability.h; sourceTree = "<group>"; };
		614E3EDA141DE4BA00418314 /* Reachability.m */ = {isa = PBXFileReference; fileEncoding = 4; lastKnownFileType = sourcecode.c.objc; path = Reachability.m; sourceTree = "<group>"; };
		614E3EDD141DE6DA00418314 /* MobileCoreServices.framework */ = {isa = PBXFileReference; lastKnownFileType = wrapper.framework; name = MobileCoreServices.framework; path = System/Library/Frameworks/MobileCoreServices.framework; sourceTree = SDKROOT; };
		614E3EE0141E026300418314 /* NSObject+SBJson.m */ = {isa = PBXFileReference; fileEncoding = 4; lastKnownFileType = sourcecode.c.objc; path = "NSObject+SBJson.m"; sourceTree = "<group>"; };
		614E3EE1141E026300418314 /* SBJsonParser.m */ = {isa = PBXFileReference; fileEncoding = 4; lastKnownFileType = sourcecode.c.objc; path = SBJsonParser.m; sourceTree = "<group>"; };
		614E3EE2141E026300418314 /* SBJsonStreamParser.m */ = {isa = PBXFileReference; fileEncoding = 4; lastKnownFileType = sourcecode.c.objc; path = SBJsonStreamParser.m; sourceTree = "<group>"; };
		614E3EE3141E026300418314 /* SBJsonStreamParserAccumulator.m */ = {isa = PBXFileReference; fileEncoding = 4; lastKnownFileType = sourcecode.c.objc; path = SBJsonStreamParserAccumulator.m; sourceTree = "<group>"; };
		614E3EE4141E026300418314 /* SBJsonStreamParserAdapter.m */ = {isa = PBXFileReference; fileEncoding = 4; lastKnownFileType = sourcecode.c.objc; path = SBJsonStreamParserAdapter.m; sourceTree = "<group>"; };
		614E3EE5141E026300418314 /* SBJsonStreamParserState.m */ = {isa = PBXFileReference; fileEncoding = 4; lastKnownFileType = sourcecode.c.objc; path = SBJsonStreamParserState.m; sourceTree = "<group>"; };
		614E3EE6141E026300418314 /* SBJsonStreamWriter.m */ = {isa = PBXFileReference; fileEncoding = 4; lastKnownFileType = sourcecode.c.objc; path = SBJsonStreamWriter.m; sourceTree = "<group>"; };
		614E3EE7141E026300418314 /* SBJsonStreamWriterAccumulator.m */ = {isa = PBXFileReference; fileEncoding = 4; lastKnownFileType = sourcecode.c.objc; path = SBJsonStreamWriterAccumulator.m; sourceTree = "<group>"; };
		614E3EE8141E026300418314 /* SBJsonStreamWriterState.m */ = {isa = PBXFileReference; fileEncoding = 4; lastKnownFileType = sourcecode.c.objc; path = SBJsonStreamWriterState.m; sourceTree = "<group>"; };
		614E3EE9141E026300418314 /* SBJsonTokeniser.m */ = {isa = PBXFileReference; fileEncoding = 4; lastKnownFileType = sourcecode.c.objc; path = SBJsonTokeniser.m; sourceTree = "<group>"; };
		614E3EEA141E026300418314 /* SBJsonUTF8Stream.m */ = {isa = PBXFileReference; fileEncoding = 4; lastKnownFileType = sourcecode.c.objc; path = SBJsonUTF8Stream.m; sourceTree = "<group>"; };
		614E3EEB141E026300418314 /* SBJsonWriter.m */ = {isa = PBXFileReference; fileEncoding = 4; lastKnownFileType = sourcecode.c.objc; path = SBJsonWriter.m; sourceTree = "<group>"; };
		614E3EEC141E026300418314 /* NSObject+SBJson.h */ = {isa = PBXFileReference; fileEncoding = 4; lastKnownFileType = sourcecode.c.h; path = "NSObject+SBJson.h"; sourceTree = "<group>"; };
		614E3EED141E026300418314 /* SBJson.h */ = {isa = PBXFileReference; fileEncoding = 4; lastKnownFileType = sourcecode.c.h; path = SBJson.h; sourceTree = "<group>"; };
		614E3EEE141E026300418314 /* SBJsonParser.h */ = {isa = PBXFileReference; fileEncoding = 4; lastKnownFileType = sourcecode.c.h; path = SBJsonParser.h; sourceTree = "<group>"; };
		614E3EEF141E026300418314 /* SBJsonStreamParser.h */ = {isa = PBXFileReference; fileEncoding = 4; lastKnownFileType = sourcecode.c.h; path = SBJsonStreamParser.h; sourceTree = "<group>"; };
		614E3EF0141E026300418314 /* SBJsonStreamParserAccumulator.h */ = {isa = PBXFileReference; fileEncoding = 4; lastKnownFileType = sourcecode.c.h; path = SBJsonStreamParserAccumulator.h; sourceTree = "<group>"; };
		614E3EF1141E026300418314 /* SBJsonStreamParserAdapter.h */ = {isa = PBXFileReference; fileEncoding = 4; lastKnownFileType = sourcecode.c.h; path = SBJsonStreamParserAdapter.h; sourceTree = "<group>"; };
		614E3EF2141E026300418314 /* SBJsonStreamParserState.h */ = {isa = PBXFileReference; fileEncoding = 4; lastKnownFileType = sourcecode.c.h; path = SBJsonStreamParserState.h; sourceTree = "<group>"; };
		614E3EF3141E026300418314 /* SBJsonStreamWriter.h */ = {isa = PBXFileReference; fileEncoding = 4; lastKnownFileType = sourcecode.c.h; path = SBJsonStreamWriter.h; sourceTree = "<group>"; };
		614E3EF4141E026300418314 /* SBJsonStreamWriterAccumulator.h */ = {isa = PBXFileReference; fileEncoding = 4; lastKnownFileType = sourcecode.c.h; path = SBJsonStreamWriterAccumulator.h; sourceTree = "<group>"; };
		614E3EF5141E026300418314 /* SBJsonStreamWriterState.h */ = {isa = PBXFileReference; fileEncoding = 4; lastKnownFileType = sourcecode.c.h; path = SBJsonStreamWriterState.h; sourceTree = "<group>"; };
		614E3EF6141E026300418314 /* SBJsonTokeniser.h */ = {isa = PBXFileReference; fileEncoding = 4; lastKnownFileType = sourcecode.c.h; path = SBJsonTokeniser.h; sourceTree = "<group>"; };
		614E3EF7141E026300418314 /* SBJsonUTF8Stream.h */ = {isa = PBXFileReference; fileEncoding = 4; lastKnownFileType = sourcecode.c.h; path = SBJsonUTF8Stream.h; sourceTree = "<group>"; };
		614E3EF8141E026300418314 /* SBJsonWriter.h */ = {isa = PBXFileReference; fileEncoding = 4; lastKnownFileType = sourcecode.c.h; path = SBJsonWriter.h; sourceTree = "<group>"; };
		615E66F1144170E1002E36C3 /* SSTextView.h */ = {isa = PBXFileReference; fileEncoding = 4; lastKnownFileType = sourcecode.c.h; path = SSTextView.h; sourceTree = "<group>"; };
		615E66F2144170E2002E36C3 /* SSTextView.m */ = {isa = PBXFileReference; fileEncoding = 4; lastKnownFileType = sourcecode.c.objc; path = SSTextView.m; sourceTree = "<group>"; };
		615E6A67141F418E00400B60 /* blackArrow.png */ = {isa = PBXFileReference; lastKnownFileType = image.png; path = blackArrow.png; sourceTree = "<group>"; };
		615E6A68141F418E00400B60 /* blackArrow@2x.png */ = {isa = PBXFileReference; lastKnownFileType = image.png; path = "blackArrow@2x.png"; sourceTree = "<group>"; };
		615E6A69141F418E00400B60 /* blueArrow.png */ = {isa = PBXFileReference; lastKnownFileType = image.png; path = blueArrow.png; sourceTree = "<group>"; };
		615E6A6A141F418E00400B60 /* blueArrow@2x.png */ = {isa = PBXFileReference; lastKnownFileType = image.png; path = "blueArrow@2x.png"; sourceTree = "<group>"; };
		615E6A6B141F418E00400B60 /* grayArrow.png */ = {isa = PBXFileReference; lastKnownFileType = image.png; path = grayArrow.png; sourceTree = "<group>"; };
		615E6A6C141F418F00400B60 /* grayArrow@2x.png */ = {isa = PBXFileReference; lastKnownFileType = image.png; path = "grayArrow@2x.png"; sourceTree = "<group>"; };
		615E6A6D141F418F00400B60 /* whiteArrow.png */ = {isa = PBXFileReference; lastKnownFileType = image.png; path = whiteArrow.png; sourceTree = "<group>"; };
		615E6A6E141F418F00400B60 /* whiteArrow@2x.png */ = {isa = PBXFileReference; lastKnownFileType = image.png; path = "whiteArrow@2x.png"; sourceTree = "<group>"; };
		615E6A78141F41B800400B60 /* EGORefreshTableHeaderView.m */ = {isa = PBXFileReference; fileEncoding = 4; lastKnownFileType = sourcecode.c.objc; path = EGORefreshTableHeaderView.m; sourceTree = "<group>"; };
		615E6A79141F41B800400B60 /* EGORefreshTableHeaderView.h */ = {isa = PBXFileReference; fileEncoding = 4; lastKnownFileType = sourcecode.c.h; path = EGORefreshTableHeaderView.h; sourceTree = "<group>"; };
		615E6A7F141F478900400B60 /* QuartzCore.framework */ = {isa = PBXFileReference; lastKnownFileType = wrapper.framework; name = QuartzCore.framework; path = System/Library/Frameworks/QuartzCore.framework; sourceTree = SDKROOT; };
		615E6A811420785100400B60 /* HelpSendViewController.h */ = {isa = PBXFileReference; fileEncoding = 4; lastKnownFileType = sourcecode.c.h; path = HelpSendViewController.h; sourceTree = "<group>"; };
		615E6A821420785100400B60 /* HelpSendViewController.m */ = {isa = PBXFileReference; fileEncoding = 4; lastKnownFileType = sourcecode.c.objc; path = HelpSendViewController.m; sourceTree = "<group>"; };
		615E6A831420785200400B60 /* HelpSendViewController.xib */ = {isa = PBXFileReference; fileEncoding = 4; lastKnownFileType = file.xib; path = HelpSendViewController.xib; sourceTree = "<group>"; };
		615E6AE91425BA6200400B60 /* button.png */ = {isa = PBXFileReference; lastKnownFileType = image.png; path = button.png; sourceTree = "<group>"; };
		615E6AEA1425BA6200400B60 /* button@2x.png */ = {isa = PBXFileReference; lastKnownFileType = image.png; path = "button@2x.png"; sourceTree = "<group>"; };
		615E6AED1425E41B00400B60 /* Config.h */ = {isa = PBXFileReference; fileEncoding = 4; lastKnownFileType = sourcecode.c.h; path = Config.h; sourceTree = "<group>"; };
		615E6AEE1426066400400B60 /* Profile.h */ = {isa = PBXFileReference; fileEncoding = 4; lastKnownFileType = sourcecode.c.h; path = Profile.h; sourceTree = "<group>"; };
		615E6AEF1426066400400B60 /* Profile.m */ = {isa = PBXFileReference; fileEncoding = 4; lastKnownFileType = sourcecode.c.objc; path = Profile.m; sourceTree = "<group>"; };
		617E3A34141B584F00441135 /* WhoHelp.app */ = {isa = PBXFileReference; explicitFileType = wrapper.application; includeInIndex = 0; path = WhoHelp.app; sourceTree = BUILT_PRODUCTS_DIR; };
		617E3A38141B584F00441135 /* UIKit.framework */ = {isa = PBXFileReference; lastKnownFileType = wrapper.framework; name = UIKit.framework; path = System/Library/Frameworks/UIKit.framework; sourceTree = SDKROOT; };
		617E3A3A141B584F00441135 /* Foundation.framework */ = {isa = PBXFileReference; lastKnownFileType = wrapper.framework; name = Foundation.framework; path = System/Library/Frameworks/Foundation.framework; sourceTree = SDKROOT; };
		617E3A3C141B584F00441135 /* CoreGraphics.framework */ = {isa = PBXFileReference; lastKnownFileType = wrapper.framework; name = CoreGraphics.framework; path = System/Library/Frameworks/CoreGraphics.framework; sourceTree = SDKROOT; };
		617E3A3E141B584F00441135 /* CoreData.framework */ = {isa = PBXFileReference; lastKnownFileType = wrapper.framework; name = CoreData.framework; path = System/Library/Frameworks/CoreData.framework; sourceTree = SDKROOT; };
		617E3A42141B584F00441135 /* WhoHelp-Info.plist */ = {isa = PBXFileReference; lastKnownFileType = text.plist.xml; path = "WhoHelp-Info.plist"; sourceTree = "<group>"; };
		617E3A46141B584F00441135 /* main.m */ = {isa = PBXFileReference; lastKnownFileType = sourcecode.c.objc; path = main.m; sourceTree = "<group>"; };
		617E3A48141B584F00441135 /* WhoHelp-Prefix.pch */ = {isa = PBXFileReference; lastKnownFileType = sourcecode.c.h; path = "WhoHelp-Prefix.pch"; sourceTree = "<group>"; };
		617E3A49141B584F00441135 /* WhoHelpAppDelegate.h */ = {isa = PBXFileReference; lastKnownFileType = sourcecode.c.h; path = WhoHelpAppDelegate.h; sourceTree = "<group>"; };
		617E3A4A141B584F00441135 /* WhoHelpAppDelegate.m */ = {isa = PBXFileReference; lastKnownFileType = sourcecode.c.objc; path = WhoHelpAppDelegate.m; sourceTree = "<group>"; };
		617E3A50141B584F00441135 /* WhoHelp.xcdatamodel */ = {isa = PBXFileReference; lastKnownFileType = wrapper.xcdatamodel; path = WhoHelp.xcdatamodel; sourceTree = "<group>"; };
		617E3A57141B584F00441135 /* WhoHelpTests.octest */ = {isa = PBXFileReference; explicitFileType = wrapper.cfbundle; includeInIndex = 0; path = WhoHelpTests.octest; sourceTree = BUILT_PRODUCTS_DIR; };
		617E3A58141B584F00441135 /* SenTestingKit.framework */ = {isa = PBXFileReference; lastKnownFileType = wrapper.framework; name = SenTestingKit.framework; path = Library/Frameworks/SenTestingKit.framework; sourceTree = DEVELOPER_DIR; };
		617E3A72141B587900441135 /* CoreLocation.framework */ = {isa = PBXFileReference; lastKnownFileType = wrapper.framework; name = CoreLocation.framework; path = System/Library/Frameworks/CoreLocation.framework; sourceTree = SDKROOT; };
		617E3A74141B588300441135 /* MapKit.framework */ = {isa = PBXFileReference; lastKnownFileType = wrapper.framework; name = MapKit.framework; path = System/Library/Frameworks/MapKit.framework; sourceTree = SDKROOT; };
		617E3A76141B69D300441135 /* HelpListViewController.h */ = {isa = PBXFileReference; fileEncoding = 4; lastKnownFileType = sourcecode.c.h; path = HelpListViewController.h; sourceTree = "<group>"; };
		617E3A77141B69D300441135 /* HelpListViewController.m */ = {isa = PBXFileReference; fileEncoding = 4; lastKnownFileType = sourcecode.c.objc; path = HelpListViewController.m; sourceTree = "<group>"; };
		617E3A78141B69D300441135 /* HelpListViewController.xib */ = {isa = PBXFileReference; fileEncoding = 4; lastKnownFileType = file.xib; path = HelpListViewController.xib; sourceTree = "<group>"; };
		617E3A86141B8D7400441135 /* HelpSettingViewController.h */ = {isa = PBXFileReference; fileEncoding = 4; lastKnownFileType = sourcecode.c.h; path = HelpSettingViewController.h; sourceTree = "<group>"; };
		617E3A87141B8D7400441135 /* HelpSettingViewController.m */ = {isa = PBXFileReference; fileEncoding = 4; lastKnownFileType = sourcecode.c.objc; path = HelpSettingViewController.m; sourceTree = "<group>"; };
		617E3A88141B8D7400441135 /* HelpSettingViewController.xib */ = {isa = PBXFileReference; fileEncoding = 4; lastKnownFileType = file.xib; path = HelpSettingViewController.xib; sourceTree = "<group>"; };
		617E3A8B141B956200441135 /* back@2x.png */ = {isa = PBXFileReference; lastKnownFileType = image.png; path = "back@2x.png"; sourceTree = "<group>"; };
		617E3A8C141B956200441135 /* call@2x.png */ = {isa = PBXFileReference; lastKnownFileType = image.png; path = "call@2x.png"; sourceTree = "<group>"; };
		617E3A8E141B956200441135 /* mail@2x.png */ = {isa = PBXFileReference; lastKnownFileType = image.png; path = "mail@2x.png"; sourceTree = "<group>"; };
		617E3A90141B956200441135 /* type@2x.png */ = {isa = PBXFileReference; lastKnownFileType = image.png; path = "type@2x.png"; sourceTree = "<group>"; };
		617E3A97141B9B1500441135 /* back.png */ = {isa = PBXFileReference; lastKnownFileType = image.png; path = back.png; sourceTree = "<group>"; };
		617E3A98141B9B1500441135 /* call.png */ = {isa = PBXFileReference; lastKnownFileType = image.png; path = call.png; sourceTree = "<group>"; };
		617E3A9A141B9B1500441135 /* mail.png */ = {isa = PBXFileReference; lastKnownFileType = image.png; path = mail.png; sourceTree = "<group>"; };
		617E3A9C141B9B1600441135 /* type.png */ = {isa = PBXFileReference; lastKnownFileType = image.png; path = type.png; sourceTree = "<group>"; };
		619B96A4143602A70017DE0D /* Utils.h */ = {isa = PBXFileReference; fileEncoding = 4; lastKnownFileType = sourcecode.c.h; path = Utils.h; sourceTree = "<group>"; };
		619B96A5143602A70017DE0D /* Utils.m */ = {isa = PBXFileReference; fileEncoding = 4; lastKnownFileType = sourcecode.c.objc; path = Utils.m; sourceTree = "<group>"; };
		61B1342D1428D27C0067AF09 /* list_arrow.png */ = {isa = PBXFileReference; lastKnownFileType = image.png; path = list_arrow.png; sourceTree = "<group>"; };
		61D506CE14AC54DE00B3C57E /* HelpPostViewController.h */ = {isa = PBXFileReference; fileEncoding = 4; lastKnownFileType = sourcecode.c.h; path = HelpPostViewController.h; sourceTree = "<group>"; };
		61D506CF14AC54DF00B3C57E /* HelpPostViewController.m */ = {isa = PBXFileReference; fileEncoding = 4; lastKnownFileType = sourcecode.c.objc; path = HelpPostViewController.m; sourceTree = "<group>"; };
		61D506D014AC54DF00B3C57E /* HelpPostViewController.xib */ = {isa = PBXFileReference; fileEncoding = 4; lastKnownFileType = file.xib; path = HelpPostViewController.xib; sourceTree = "<group>"; };
		61D506D314AC556800B3C57E /* HelpPrivateListViewController.h */ = {isa = PBXFileReference; fileEncoding = 4; lastKnownFileType = sourcecode.c.h; path = HelpPrivateListViewController.h; sourceTree = "<group>"; };
		61D506D414AC556800B3C57E /* HelpPrivateListViewController.m */ = {isa = PBXFileReference; fileEncoding = 4; lastKnownFileType = sourcecode.c.objc; path = HelpPrivateListViewController.m; sourceTree = "<group>"; };
		61D506D514AC556800B3C57E /* HelpPrivateListViewController.xib */ = {isa = PBXFileReference; fileEncoding = 4; lastKnownFileType = file.xib; path = HelpPrivateListViewController.xib; sourceTree = "<group>"; };
		61D506D814AC558700B3C57E /* HelpPrizeViewController.h */ = {isa = PBXFileReference; fileEncoding = 4; lastKnownFileType = sourcecode.c.h; path = HelpPrizeViewController.h; sourceTree = "<group>"; };
		61D506D914AC558700B3C57E /* HelpPrizeViewController.m */ = {isa = PBXFileReference; fileEncoding = 4; lastKnownFileType = sourcecode.c.objc; path = HelpPrizeViewController.m; sourceTree = "<group>"; };
		61D506DA14AC558700B3C57E /* HelpPrizeViewController.xib */ = {isa = PBXFileReference; fileEncoding = 4; lastKnownFileType = file.xib; path = HelpPrizeViewController.xib; sourceTree = "<group>"; };
		61D506DE14AC921A00B3C57E /* avatar.png */ = {isa = PBXFileReference; lastKnownFileType = image.png; path = avatar.png; sourceTree = "<group>"; };
		61D506E014ACA9E400B3C57E /* SelectDateViewController.h */ = {isa = PBXFileReference; fileEncoding = 4; lastKnownFileType = sourcecode.c.h; path = SelectDateViewController.h; sourceTree = "<group>"; };
		61D506E114ACA9E400B3C57E /* SelectDateViewController.m */ = {isa = PBXFileReference; fileEncoding = 4; lastKnownFileType = sourcecode.c.objc; path = SelectDateViewController.m; sourceTree = "<group>"; };
		61D506E214ACA9E400B3C57E /* SelectDateViewController.xib */ = {isa = PBXFileReference; fileEncoding = 4; lastKnownFileType = file.xib; path = SelectDateViewController.xib; sourceTree = "<group>"; };
		61D506E514ACAA3500B3C57E /* SelectWardViewController.h */ = {isa = PBXFileReference; fileEncoding = 4; lastKnownFileType = sourcecode.c.h; path = SelectWardViewController.h; sourceTree = "<group>"; };
		61D506E614ACAA3500B3C57E /* SelectWardViewController.m */ = {isa = PBXFileReference; fileEncoding = 4; lastKnownFileType = sourcecode.c.objc; path = SelectWardViewController.m; sourceTree = "<group>"; };
		61D506E714ACAA3500B3C57E /* SelectWardViewController.xib */ = {isa = PBXFileReference; fileEncoding = 4; lastKnownFileType = file.xib; path = SelectWardViewController.xib; sourceTree = "<group>"; };
		61FCFE1814A9D78E009F35C2 /* PreAuthViewController.xib */ = {isa = PBXFileReference; fileEncoding = 4; lastKnownFileType = file.xib; path = PreAuthViewController.xib; sourceTree = "<group>"; };
		61FCFE1914A9D78E009F35C2 /* PreAuthViewController.h */ = {isa = PBXFileReference; fileEncoding = 4; lastKnownFileType = sourcecode.c.h; path = PreAuthViewController.h; sourceTree = "<group>"; };
		61FCFE1A14A9D78E009F35C2 /* PreAuthViewController.m */ = {isa = PBXFileReference; fileEncoding = 4; lastKnownFileType = sourcecode.c.objc; path = PreAuthViewController.m; sourceTree = "<group>"; };
		61FCFE1B14A9D78E009F35C2 /* DoubanAuthViewController.h */ = {isa = PBXFileReference; fileEncoding = 4; lastKnownFileType = sourcecode.c.h; path = DoubanAuthViewController.h; sourceTree = "<group>"; };
		61FCFE1C14A9D78E009F35C2 /* DoubanAuthViewController.m */ = {isa = PBXFileReference; fileEncoding = 4; lastKnownFileType = sourcecode.c.objc; path = DoubanAuthViewController.m; sourceTree = "<group>"; };
		61FCFE1D14A9D78E009F35C2 /* DoubanAuthViewController.xib */ = {isa = PBXFileReference; fileEncoding = 4; lastKnownFileType = file.xib; path = DoubanAuthViewController.xib; sourceTree = "<group>"; };
		61FCFE2514A9DABF009F35C2 /* MainWindow.xib */ = {isa = PBXFileReference; lastKnownFileType = file.xib; path = MainWindow.xib; sourceTree = "<group>"; };
		61FCFE2714A9DAD0009F35C2 /* InfoPlist.strings */ = {isa = PBXFileReference; lastKnownFileType = text.plist.strings; path = InfoPlist.strings; sourceTree = "<group>"; };
		61FCFE2814A9DBF2009F35C2 /* help.png */ = {isa = PBXFileReference; lastKnownFileType = image.png; path = help.png; sourceTree = "<group>"; };
		61FCFE2914A9DBF2009F35C2 /* help@2x.png */ = {isa = PBXFileReference; lastKnownFileType = image.png; path = "help@2x.png"; sourceTree = "<group>"; };
		61FCFE2A14A9DBF2009F35C2 /* mylist.png */ = {isa = PBXFileReference; lastKnownFileType = image.png; path = mylist.png; sourceTree = "<group>"; };
		61FCFE2B14A9DBF2009F35C2 /* mylist@2x.png */ = {isa = PBXFileReference; lastKnownFileType = image.png; path = "mylist@2x.png"; sourceTree = "<group>"; };
		61FCFE2C14A9DBF2009F35C2 /* nearby.png */ = {isa = PBXFileReference; lastKnownFileType = image.png; path = nearby.png; sourceTree = "<group>"; };
		61FCFE2D14A9DBF2009F35C2 /* nearby@2x.png */ = {isa = PBXFileReference; lastKnownFileType = image.png; path = "nearby@2x.png"; sourceTree = "<group>"; };
		61FCFE2E14A9DBF2009F35C2 /* prize.png */ = {isa = PBXFileReference; lastKnownFileType = image.png; path = prize.png; sourceTree = "<group>"; };
		61FCFE2F14A9DBF2009F35C2 /* prize@2x.png */ = {isa = PBXFileReference; lastKnownFileType = image.png; path = "prize@2x.png"; sourceTree = "<group>"; };
		61FCFE3014A9DBF2009F35C2 /* setting.png */ = {isa = PBXFileReference; lastKnownFileType = image.png; path = setting.png; sourceTree = "<group>"; };
		61FCFE3114A9DBF2009F35C2 /* setting@2x.png */ = {isa = PBXFileReference; lastKnownFileType = image.png; path = "setting@2x.png"; sourceTree = "<group>"; };
/* End PBXFileReference section */

/* Begin PBXFrameworksBuildPhase section */
		617E3A31141B584F00441135 /* Frameworks */ = {
			isa = PBXFrameworksBuildPhase;
			buildActionMask = 2147483647;
			files = (
				6130E39E143C1E0800D0C952 /* libz.1.2.5.dylib in Frameworks */,
				614538561428930B00BA2C34 /* CoreText.framework in Frameworks */,
				615E6A80141F478900400B60 /* QuartzCore.framework in Frameworks */,
				614E3EDE141DE6DA00418314 /* MobileCoreServices.framework in Frameworks */,
				614E3E9E141DDDA200418314 /* SystemConfiguration.framework in Frameworks */,
				614E3E9C141DDD9200418314 /* CFNetwork.framework in Frameworks */,
				617E3A75141B588300441135 /* MapKit.framework in Frameworks */,
				617E3A73141B587A00441135 /* CoreLocation.framework in Frameworks */,
				617E3A39141B584F00441135 /* UIKit.framework in Frameworks */,
				617E3A3B141B584F00441135 /* Foundation.framework in Frameworks */,
				617E3A3D141B584F00441135 /* CoreGraphics.framework in Frameworks */,
				617E3A3F141B584F00441135 /* CoreData.framework in Frameworks */,
			);
			runOnlyForDeploymentPostprocessing = 0;
		};
		617E3A53141B584F00441135 /* Frameworks */ = {
			isa = PBXFrameworksBuildPhase;
			buildActionMask = 2147483647;
			files = (
				617E3A59141B584F00441135 /* SenTestingKit.framework in Frameworks */,
				617E3A5A141B584F00441135 /* UIKit.framework in Frameworks */,
				617E3A5B141B584F00441135 /* Foundation.framework in Frameworks */,
				617E3A5C141B584F00441135 /* CoreGraphics.framework in Frameworks */,
				617E3A5D141B584F00441135 /* CoreData.framework in Frameworks */,
			);
			runOnlyForDeploymentPostprocessing = 0;
		};
/* End PBXFrameworksBuildPhase section */

/* Begin PBXGroup section */
		6145384D14288F5300BA2C34 /* OHAttributedLabel */ = {
			isa = PBXGroup;
			children = (
				6145384F14288F7600BA2C34 /* NSAttributedString+Attributes.m */,
				6145385014288F7600BA2C34 /* OHAttributedLabel.m */,
				6145385114288F7600BA2C34 /* NSAttributedString+Attributes.h */,
				6145385214288F7600BA2C34 /* OHAttributedLabel.h */,
			);
			name = OHAttributedLabel;
			sourceTree = "<group>";
		};
		614E3EDC141DE4CC00418314 /* ASIHttp */ = {
			isa = PBXGroup;
			children = (
				614E3ED9141DE4B700418314 /* Reachability.h */,
				614E3EDA141DE4BA00418314 /* Reachability.m */,
				614E3EBD141DE47F00418314 /* ASIAuthenticationDialog.h */,
				614E3EBE141DE47F00418314 /* ASIAuthenticationDialog.m */,
				614E3EBF141DE47F00418314 /* ASICacheDelegate.h */,
				614E3EC0141DE47F00418314 /* ASIDataCompressor.h */,
				614E3EC1141DE48000418314 /* ASIDataCompressor.m */,
				614E3EC2141DE48100418314 /* ASIDataDecompressor.h */,
				614E3EC3141DE48200418314 /* ASIDataDecompressor.m */,
				614E3EC4141DE48300418314 /* ASIDownloadCache.h */,
				614E3EC5141DE48400418314 /* ASIDownloadCache.m */,
				614E3EC6141DE48500418314 /* ASIFormDataRequest.h */,
				614E3EC7141DE48600418314 /* ASIFormDataRequest.m */,
				614E3EC8141DE48800418314 /* ASIHTTPRequest.h */,
				614E3EC9141DE48900418314 /* ASIHTTPRequest.m */,
				614E3ECA141DE48B00418314 /* ASIHTTPRequestConfig.h */,
				614E3ECB141DE48C00418314 /* ASIHTTPRequestDelegate.h */,
				614E3ECC141DE48E00418314 /* ASIInputStream.h */,
				614E3ECD141DE49000418314 /* ASIInputStream.m */,
				614E3ECE141DE49200418314 /* ASINetworkQueue.h */,
				614E3ECF141DE49600418314 /* ASINetworkQueue.m */,
				614E3ED0141DE49900418314 /* ASIProgressDelegate.h */,
			);
			name = ASIHttp;
			sourceTree = "<group>";
		};
		614E3EDF141E01DC00418314 /* JSON */ = {
			isa = PBXGroup;
			children = (
				614E3EE0141E026300418314 /* NSObject+SBJson.m */,
				614E3EE1141E026300418314 /* SBJsonParser.m */,
				614E3EE2141E026300418314 /* SBJsonStreamParser.m */,
				614E3EE3141E026300418314 /* SBJsonStreamParserAccumulator.m */,
				614E3EE4141E026300418314 /* SBJsonStreamParserAdapter.m */,
				614E3EE5141E026300418314 /* SBJsonStreamParserState.m */,
				614E3EE6141E026300418314 /* SBJsonStreamWriter.m */,
				614E3EE7141E026300418314 /* SBJsonStreamWriterAccumulator.m */,
				614E3EE8141E026300418314 /* SBJsonStreamWriterState.m */,
				614E3EE9141E026300418314 /* SBJsonTokeniser.m */,
				614E3EEA141E026300418314 /* SBJsonUTF8Stream.m */,
				614E3EEB141E026300418314 /* SBJsonWriter.m */,
				614E3EEC141E026300418314 /* NSObject+SBJson.h */,
				614E3EED141E026300418314 /* SBJson.h */,
				614E3EEE141E026300418314 /* SBJsonParser.h */,
				614E3EEF141E026300418314 /* SBJsonStreamParser.h */,
				614E3EF0141E026300418314 /* SBJsonStreamParserAccumulator.h */,
				614E3EF1141E026300418314 /* SBJsonStreamParserAdapter.h */,
				614E3EF2141E026300418314 /* SBJsonStreamParserState.h */,
				614E3EF3141E026300418314 /* SBJsonStreamWriter.h */,
				614E3EF4141E026300418314 /* SBJsonStreamWriterAccumulator.h */,
				614E3EF5141E026300418314 /* SBJsonStreamWriterState.h */,
				614E3EF6141E026300418314 /* SBJsonTokeniser.h */,
				614E3EF7141E026300418314 /* SBJsonUTF8Stream.h */,
				614E3EF8141E026300418314 /* SBJsonWriter.h */,
			);
			name = JSON;
			sourceTree = "<group>";
		};
		615E6A8C1422D8B700400B60 /* Refresh */ = {
			isa = PBXGroup;
			children = (
				615E6A79141F41B800400B60 /* EGORefreshTableHeaderView.h */,
				615E6A78141F41B800400B60 /* EGORefreshTableHeaderView.m */,
			);
			name = Refresh;
			sourceTree = "<group>";
		};
		617E3A29141B584E00441135 = {
			isa = PBXGroup;
			children = (
				617E3A40141B584F00441135 /* WhoHelp */,
				617E3A37141B584F00441135 /* Frameworks */,
				617E3A35141B584F00441135 /* Products */,
			);
			sourceTree = "<group>";
		};
		617E3A35141B584F00441135 /* Products */ = {
			isa = PBXGroup;
			children = (
				617E3A34141B584F00441135 /* WhoHelp.app */,
				617E3A57141B584F00441135 /* WhoHelpTests.octest */,
			);
			name = Products;
			sourceTree = "<group>";
		};
		617E3A37141B584F00441135 /* Frameworks */ = {
			isa = PBXGroup;
			children = (
				6130E39D143C1E0800D0C952 /* libz.1.2.5.dylib */,
				611FD7911439F2A100398709 /* AudioToolbox.framework */,
				614538551428930B00BA2C34 /* CoreText.framework */,
				615E6A7F141F478900400B60 /* QuartzCore.framework */,
				614E3EDD141DE6DA00418314 /* MobileCoreServices.framework */,
				614E3E9D141DDDA200418314 /* SystemConfiguration.framework */,
				614E3E9B141DDD9200418314 /* CFNetwork.framework */,
				617E3A74141B588300441135 /* MapKit.framework */,
				617E3A72141B587900441135 /* CoreLocation.framework */,
				617E3A38141B584F00441135 /* UIKit.framework */,
				617E3A3A141B584F00441135 /* Foundation.framework */,
				617E3A3C141B584F00441135 /* CoreGraphics.framework */,
				617E3A3E141B584F00441135 /* CoreData.framework */,
				617E3A58141B584F00441135 /* SenTestingKit.framework */,
			);
			name = Frameworks;
			sourceTree = "<group>";
		};
		617E3A40141B584F00441135 /* WhoHelp */ = {
			isa = PBXGroup;
			children = (
				61FCFE2314A9D812009F35C2 /* Utils */,
				61FCFE2214A9D7E3009F35C2 /* Plugins */,
				61FCFE1714A9D722009F35C2 /* Auth */,
				61D506DD14AC8A4300B3C57E /* Send Help */,
				61B1345F142A35B20067AF09 /* Setting */,
				617E3A49141B584F00441135 /* WhoHelpAppDelegate.h */,
				617E3A4A141B584F00441135 /* WhoHelpAppDelegate.m */,
				617E3A4F141B584F00441135 /* WhoHelp.xcdatamodeld */,
				617E3A76141B69D300441135 /* HelpListViewController.h */,
				617E3A77141B69D300441135 /* HelpListViewController.m */,
				617E3A78141B69D300441135 /* HelpListViewController.xib */,
				61D506D314AC556800B3C57E /* HelpPrivateListViewController.h */,
				61D506D414AC556800B3C57E /* HelpPrivateListViewController.m */,
				61D506D514AC556800B3C57E /* HelpPrivateListViewController.xib */,
				61D506D814AC558700B3C57E /* HelpPrizeViewController.h */,
				61D506D914AC558700B3C57E /* HelpPrizeViewController.m */,
				61D506DA14AC558700B3C57E /* HelpPrizeViewController.xib */,
				617E3A86141B8D7400441135 /* HelpSettingViewController.h */,
				617E3A87141B8D7400441135 /* HelpSettingViewController.m */,
				617E3A88141B8D7400441135 /* HelpSettingViewController.xib */,
				61FCFE2514A9DABF009F35C2 /* MainWindow.xib */,
				617E3A41141B584F00441135 /* Supporting Files */,
			);
			path = WhoHelp;
			sourceTree = "<group>";
		};
		617E3A41141B584F00441135 /* Supporting Files */ = {
			isa = PBXGroup;
			children = (
				61D506DE14AC921A00B3C57E /* avatar.png */,
				61FCFE2814A9DBF2009F35C2 /* help.png */,
				61FCFE2914A9DBF2009F35C2 /* help@2x.png */,
				61FCFE2A14A9DBF2009F35C2 /* mylist.png */,
				61FCFE2B14A9DBF2009F35C2 /* mylist@2x.png */,
				61FCFE2C14A9DBF2009F35C2 /* nearby.png */,
				61FCFE2D14A9DBF2009F35C2 /* nearby@2x.png */,
				61FCFE2E14A9DBF2009F35C2 /* prize.png */,
				61FCFE2F14A9DBF2009F35C2 /* prize@2x.png */,
				61FCFE3014A9DBF2009F35C2 /* setting.png */,
				61FCFE3114A9DBF2009F35C2 /* setting@2x.png */,
				610114A3146F5A5C00CDDF57 /* icon.png */,
				610114A4146F5A5C00CDDF57 /* icon@2x.png */,
				6149FE631439ED9F0093814A /* bird.aif */,
				6102B21F1437740E007F728C /* Default.png */,
				6102B2201437740E007F728C /* Default@2x.png */,
				61B1342D1428D27C0067AF09 /* list_arrow.png */,
				615E6AE91425BA6200400B60 /* button.png */,
				615E6AEA1425BA6200400B60 /* button@2x.png */,
				615E6A67141F418E00400B60 /* blackArrow.png */,
				615E6A68141F418E00400B60 /* blackArrow@2x.png */,
				615E6A69141F418E00400B60 /* blueArrow.png */,
				615E6A6A141F418E00400B60 /* blueArrow@2x.png */,
				615E6A6B141F418E00400B60 /* grayArrow.png */,
				615E6A6C141F418F00400B60 /* grayArrow@2x.png */,
				615E6A6D141F418F00400B60 /* whiteArrow.png */,
				615E6A6E141F418F00400B60 /* whiteArrow@2x.png */,
				617E3A97141B9B1500441135 /* back.png */,
				617E3A98141B9B1500441135 /* call.png */,
				617E3A9A141B9B1500441135 /* mail.png */,
				617E3A9C141B9B1600441135 /* type.png */,
				617E3A8B141B956200441135 /* back@2x.png */,
				617E3A8C141B956200441135 /* call@2x.png */,
				617E3A8E141B956200441135 /* mail@2x.png */,
				617E3A90141B956200441135 /* type@2x.png */,
				617E3A42141B584F00441135 /* WhoHelp-Info.plist */,
				61FCFE2714A9DAD0009F35C2 /* InfoPlist.strings */,
				617E3A46141B584F00441135 /* main.m */,
				617E3A48141B584F00441135 /* WhoHelp-Prefix.pch */,
			);
			name = "Supporting Files";
			sourceTree = "<group>";
		};
		61B1345F142A35B20067AF09 /* Setting */ = {
			isa = PBXGroup;
			children = (
				611FD79C143B4CD000398709 /* LawViewController.h */,
				611FD79D143B4CD100398709 /* LawViewController.m */,
				611FD79E143B4CD200398709 /* LawViewController.xib */,
			);
			name = Setting;
			sourceTree = "<group>";
		};
		61D506DD14AC8A4300B3C57E /* Send Help */ = {
			isa = PBXGroup;
			children = (
				61D506CE14AC54DE00B3C57E /* HelpPostViewController.h */,
				61D506CF14AC54DF00B3C57E /* HelpPostViewController.m */,
				61D506D014AC54DF00B3C57E /* HelpPostViewController.xib */,
				615E6A811420785100400B60 /* HelpSendViewController.h */,
				615E6A821420785100400B60 /* HelpSendViewController.m */,
				615E6A831420785200400B60 /* HelpSendViewController.xib */,
				61D506E014ACA9E400B3C57E /* SelectDateViewController.h */,
				61D506E114ACA9E400B3C57E /* SelectDateViewController.m */,
				61D506E214ACA9E400B3C57E /* SelectDateViewController.xib */,
				61D506E514ACAA3500B3C57E /* SelectWardViewController.h */,
				61D506E614ACAA3500B3C57E /* SelectWardViewController.m */,
				61D506E714ACAA3500B3C57E /* SelectWardViewController.xib */,
			);
			name = "Send Help";
			sourceTree = "<group>";
		};
		61FCFE1714A9D722009F35C2 /* Auth */ = {
			isa = PBXGroup;
			children = (
				61FCFE1914A9D78E009F35C2 /* PreAuthViewController.h */,
				61FCFE1A14A9D78E009F35C2 /* PreAuthViewController.m */,
				61FCFE1814A9D78E009F35C2 /* PreAuthViewController.xib */,
				61FCFE1B14A9D78E009F35C2 /* DoubanAuthViewController.h */,
				61FCFE1C14A9D78E009F35C2 /* DoubanAuthViewController.m */,
				61FCFE1D14A9D78E009F35C2 /* DoubanAuthViewController.xib */,
			);
			name = Auth;
			sourceTree = "<group>";
		};
		61FCFE2214A9D7E3009F35C2 /* Plugins */ = {
			isa = PBXGroup;
			children = (
				6145384D14288F5300BA2C34 /* OHAttributedLabel */,
				615E6A8C1422D8B700400B60 /* Refresh */,
				614E3EDF141E01DC00418314 /* JSON */,
				614E3EDC141DE4CC00418314 /* ASIHttp */,
			);
			name = Plugins;
			sourceTree = "<group>";
		};
		61FCFE2314A9D812009F35C2 /* Utils */ = {
			isa = PBXGroup;
			children = (
				615E6AEE1426066400400B60 /* Profile.h */,
				615E6AEF1426066400400B60 /* Profile.m */,
				6149FE55143894BC0093814A /* ProfileManager.h */,
				6149FE56143894BC0093814A /* ProfileManager.m */,
				6102B21714376FC0007F728C /* LocationController.h */,
				6102B21814376FC0007F728C /* LocationController.m */,
				611FD798143B20F100398709 /* LoudTableCell.h */,
				611FD799143B20F100398709 /* LoudTableCell.m */,
				615E66F1144170E1002E36C3 /* SSTextView.h */,
				615E66F2144170E2002E36C3 /* SSTextView.m */,
				615E6AED1425E41B00400B60 /* Config.h */,
				619B96A4143602A70017DE0D /* Utils.h */,
				619B96A5143602A70017DE0D /* Utils.m */,
			);
			name = Utils;
			sourceTree = "<group>";
		};
/* End PBXGroup section */

/* Begin PBXNativeTarget section */
		617E3A33141B584F00441135 /* WhoHelp */ = {
			isa = PBXNativeTarget;
			buildConfigurationList = 617E3A6C141B584F00441135 /* Build configuration list for PBXNativeTarget "WhoHelp" */;
			buildPhases = (
				617E3A30141B584F00441135 /* Sources */,
				617E3A31141B584F00441135 /* Frameworks */,
				617E3A32141B584F00441135 /* Resources */,
			);
			buildRules = (
			);
			dependencies = (
			);
			name = WhoHelp;
			productName = WhoHelp;
			productReference = 617E3A34141B584F00441135 /* WhoHelp.app */;
			productType = "com.apple.product-type.application";
		};
		617E3A56141B584F00441135 /* WhoHelpTests */ = {
			isa = PBXNativeTarget;
			buildConfigurationList = 617E3A6F141B584F00441135 /* Build configuration list for PBXNativeTarget "WhoHelpTests" */;
			buildPhases = (
				617E3A52141B584F00441135 /* Sources */,
				617E3A53141B584F00441135 /* Frameworks */,
				617E3A54141B584F00441135 /* Resources */,
				617E3A55141B584F00441135 /* ShellScript */,
			);
			buildRules = (
			);
			dependencies = (
				617E3A5F141B584F00441135 /* PBXTargetDependency */,
			);
			name = WhoHelpTests;
			productName = WhoHelpTests;
			productReference = 617E3A57141B584F00441135 /* WhoHelpTests.octest */;
			productType = "com.apple.product-type.bundle";
		};
/* End PBXNativeTarget section */

/* Begin PBXProject section */
		617E3A2B141B584E00441135 /* Project object */ = {
			isa = PBXProject;
			attributes = {
				LastUpgradeCheck = 0420;
			};
			buildConfigurationList = 617E3A2E141B584E00441135 /* Build configuration list for PBXProject "WhoHelp" */;
			compatibilityVersion = "Xcode 3.2";
			developmentRegion = English;
			hasScannedForEncodings = 0;
			knownRegions = (
				en,
				"zh-Hans",
			);
			mainGroup = 617E3A29141B584E00441135;
			productRefGroup = 617E3A35141B584F00441135 /* Products */;
			projectDirPath = "";
			projectRoot = "";
			targets = (
				617E3A33141B584F00441135 /* WhoHelp */,
				617E3A56141B584F00441135 /* WhoHelpTests */,
			);
		};
/* End PBXProject section */

/* Begin PBXResourcesBuildPhase section */
		617E3A32141B584F00441135 /* Resources */ = {
			isa = PBXResourcesBuildPhase;
			buildActionMask = 2147483647;
			files = (
				61FCFE2614A9DAD0009F35C2 /* InfoPlist.strings in Resources */,
				61FCFE2414A9DABF009F35C2 /* MainWindow.xib in Resources */,
				617E3A7A141B69D300441135 /* HelpListViewController.xib in Resources */,
				617E3A8A141B8D7400441135 /* HelpSettingViewController.xib in Resources */,
				617E3A91141B956200441135 /* back@2x.png in Resources */,
				617E3A92141B956200441135 /* call@2x.png in Resources */,
				617E3A94141B956200441135 /* mail@2x.png in Resources */,
				617E3A96141B956200441135 /* type@2x.png in Resources */,
				617E3A9D141B9B1600441135 /* back.png in Resources */,
				617E3A9E141B9B1600441135 /* call.png in Resources */,
				617E3AA0141B9B1600441135 /* mail.png in Resources */,
				617E3AA2141B9B1600441135 /* type.png in Resources */,
				615E6A6F141F418F00400B60 /* blackArrow.png in Resources */,
				615E6A70141F418F00400B60 /* blackArrow@2x.png in Resources */,
				615E6A71141F418F00400B60 /* blueArrow.png in Resources */,
				615E6A72141F418F00400B60 /* blueArrow@2x.png in Resources */,
				615E6A73141F418F00400B60 /* grayArrow.png in Resources */,
				615E6A74141F418F00400B60 /* grayArrow@2x.png in Resources */,
				615E6A75141F418F00400B60 /* whiteArrow.png in Resources */,
				615E6A76141F418F00400B60 /* whiteArrow@2x.png in Resources */,
				615E6A851420785200400B60 /* HelpSendViewController.xib in Resources */,
				615E6AEB1425BA6200400B60 /* button.png in Resources */,
				615E6AEC1425BA6200400B60 /* button@2x.png in Resources */,
				61B1342E1428D27C0067AF09 /* list_arrow.png in Resources */,
				6102B2211437740E007F728C /* Default.png in Resources */,
				6102B2221437740E007F728C /* Default@2x.png in Resources */,
				6149FE641439EDA00093814A /* bird.aif in Resources */,
				611FD7A0143B4CD300398709 /* LawViewController.xib in Resources */,
				610114A5146F5A5C00CDDF57 /* icon.png in Resources */,
				610114A6146F5A5C00CDDF57 /* icon@2x.png in Resources */,
				61FCFE1E14A9D78E009F35C2 /* PreAuthViewController.xib in Resources */,
				61FCFE2114A9D78E009F35C2 /* DoubanAuthViewController.xib in Resources */,
				61FCFE3214A9DBF2009F35C2 /* help.png in Resources */,
				61FCFE3314A9DBF2009F35C2 /* help@2x.png in Resources */,
				61FCFE3414A9DBF2009F35C2 /* mylist.png in Resources */,
				61FCFE3514A9DBF2009F35C2 /* mylist@2x.png in Resources */,
				61FCFE3614A9DBF2009F35C2 /* nearby.png in Resources */,
				61FCFE3714A9DBF2009F35C2 /* nearby@2x.png in Resources */,
				61FCFE3814A9DBF2009F35C2 /* prize.png in Resources */,
				61FCFE3914A9DBF2009F35C2 /* prize@2x.png in Resources */,
				61FCFE3A14A9DBF2009F35C2 /* setting.png in Resources */,
				61FCFE3B14A9DBF2009F35C2 /* setting@2x.png in Resources */,
				61D506D214AC54DF00B3C57E /* HelpPostViewController.xib in Resources */,
				61D506D714AC556900B3C57E /* HelpPrivateListViewController.xib in Resources */,
				61D506DC14AC558800B3C57E /* HelpPrizeViewController.xib in Resources */,
				61D506DF14AC921A00B3C57E /* avatar.png in Resources */,
				61D506E414ACA9E400B3C57E /* SelectDateViewController.xib in Resources */,
				61D506E914ACAA3500B3C57E /* SelectWardViewController.xib in Resources */,
			);
			runOnlyForDeploymentPostprocessing = 0;
		};
		617E3A54141B584F00441135 /* Resources */ = {
			isa = PBXResourcesBuildPhase;
			buildActionMask = 2147483647;
			files = (
			);
			runOnlyForDeploymentPostprocessing = 0;
		};
/* End PBXResourcesBuildPhase section */

/* Begin PBXShellScriptBuildPhase section */
		617E3A55141B584F00441135 /* ShellScript */ = {
			isa = PBXShellScriptBuildPhase;
			buildActionMask = 2147483647;
			files = (
			);
			inputPaths = (
			);
			outputPaths = (
			);
			runOnlyForDeploymentPostprocessing = 0;
			shellPath = /bin/sh;
			shellScript = "# Run the unit tests in this test bundle.\n\"${SYSTEM_DEVELOPER_DIR}/Tools/RunUnitTests\"\n";
		};
/* End PBXShellScriptBuildPhase section */

/* Begin PBXSourcesBuildPhase section */
		617E3A30141B584F00441135 /* Sources */ = {
			isa = PBXSourcesBuildPhase;
			buildActionMask = 2147483647;
			files = (
				617E3A47141B584F00441135 /* main.m in Sources */,
				617E3A4B141B584F00441135 /* WhoHelpAppDelegate.m in Sources */,
				617E3A51141B584F00441135 /* WhoHelp.xcdatamodeld in Sources */,
				617E3A79141B69D300441135 /* HelpListViewController.m in Sources */,
				617E3A89141B8D7400441135 /* HelpSettingViewController.m in Sources */,
				614E3ED1141DE49D00418314 /* ASIAuthenticationDialog.m in Sources */,
				614E3ED2141DE49D00418314 /* ASIDataCompressor.m in Sources */,
				614E3ED3141DE49D00418314 /* ASIDataDecompressor.m in Sources */,
				614E3ED4141DE49D00418314 /* ASIDownloadCache.m in Sources */,
				614E3ED5141DE49D00418314 /* ASIFormDataRequest.m in Sources */,
				614E3ED6141DE49D00418314 /* ASIHTTPRequest.m in Sources */,
				614E3ED7141DE49D00418314 /* ASIInputStream.m in Sources */,
				614E3ED8141DE49D00418314 /* ASINetworkQueue.m in Sources */,
				614E3EDB141DE4BE00418314 /* Reachability.m in Sources */,
				614E3EF9141E026300418314 /* NSObject+SBJson.m in Sources */,
				614E3EFA141E026300418314 /* SBJsonParser.m in Sources */,
				614E3EFB141E026300418314 /* SBJsonStreamParser.m in Sources */,
				614E3EFC141E026300418314 /* SBJsonStreamParserAccumulator.m in Sources */,
				614E3EFD141E026300418314 /* SBJsonStreamParserAdapter.m in Sources */,
				614E3EFE141E026300418314 /* SBJsonStreamParserState.m in Sources */,
				614E3EFF141E026300418314 /* SBJsonStreamWriter.m in Sources */,
				614E3F00141E026300418314 /* SBJsonStreamWriterAccumulator.m in Sources */,
				614E3F01141E026300418314 /* SBJsonStreamWriterState.m in Sources */,
				614E3F02141E026300418314 /* SBJsonTokeniser.m in Sources */,
				614E3F03141E026300418314 /* SBJsonUTF8Stream.m in Sources */,
				614E3F04141E026300418314 /* SBJsonWriter.m in Sources */,
				615E6A7A141F41B800400B60 /* EGORefreshTableHeaderView.m in Sources */,
				615E6A841420785200400B60 /* HelpSendViewController.m in Sources */,
				615E6AF01426066400400B60 /* Profile.m in Sources */,
				6145385314288F7600BA2C34 /* NSAttributedString+Attributes.m in Sources */,
				6145385414288F7600BA2C34 /* OHAttributedLabel.m in Sources */,
				619B96A6143602A80017DE0D /* Utils.m in Sources */,
				6102B21914376FC1007F728C /* LocationController.m in Sources */,
				6149FE57143894BD0093814A /* ProfileManager.m in Sources */,
				611FD79A143B20F100398709 /* LoudTableCell.m in Sources */,
				611FD79F143B4CD300398709 /* LawViewController.m in Sources */,
				615E66F3144170E2002E36C3 /* SSTextView.m in Sources */,
				61FCFE1F14A9D78E009F35C2 /* PreAuthViewController.m in Sources */,
				61FCFE2014A9D78E009F35C2 /* DoubanAuthViewController.m in Sources */,
				61D506D114AC54DF00B3C57E /* HelpPostViewController.m in Sources */,
				61D506D614AC556900B3C57E /* HelpPrivateListViewController.m in Sources */,
				61D506DB14AC558800B3C57E /* HelpPrizeViewController.m in Sources */,
				61D506E314ACA9E400B3C57E /* SelectDateViewController.m in Sources */,
				61D506E814ACAA3500B3C57E /* SelectWardViewController.m in Sources */,
			);
			runOnlyForDeploymentPostprocessing = 0;
		};
		617E3A52141B584F00441135 /* Sources */ = {
			isa = PBXSourcesBuildPhase;
			buildActionMask = 2147483647;
			files = (
			);
			runOnlyForDeploymentPostprocessing = 0;
		};
/* End PBXSourcesBuildPhase section */

/* Begin PBXTargetDependency section */
		617E3A5F141B584F00441135 /* PBXTargetDependency */ = {
			isa = PBXTargetDependency;
			target = 617E3A33141B584F00441135 /* WhoHelp */;
			targetProxy = 617E3A5E141B584F00441135 /* PBXContainerItemProxy */;
		};
/* End PBXTargetDependency section */

/* Begin XCBuildConfiguration section */
		617E3A6A141B584F00441135 /* Debug */ = {
			isa = XCBuildConfiguration;
			buildSettings = {
				ALWAYS_SEARCH_USER_PATHS = NO;
				ARCHS = "$(ARCHS_STANDARD_32_BIT)";
				CODE_SIGN_IDENTITY = "iPhone Developer";
				"CODE_SIGN_IDENTITY[sdk=iphoneos*]" = "iPhone Developer";
				COPY_PHASE_STRIP = NO;
				GCC_C_LANGUAGE_STANDARD = gnu99;
				GCC_DYNAMIC_NO_PIC = NO;
				GCC_OPTIMIZATION_LEVEL = 0;
				GCC_PREPROCESSOR_DEFINITIONS = (
					"DEBUG=1",
					"$(inherited)",
				);
				GCC_SYMBOLS_PRIVATE_EXTERN = NO;
				GCC_VERSION = com.apple.compilers.llvmgcc42;
				GCC_WARN_ABOUT_MISSING_PROTOTYPES = YES;
				GCC_WARN_ABOUT_RETURN_TYPE = YES;
				GCC_WARN_UNUSED_VARIABLE = YES;
				IPHONEOS_DEPLOYMENT_TARGET = 4.0;
				PROVISIONING_PROFILE = "";
				SDKROOT = iphoneos;
				VALIDATE_PRODUCT = NO;
			};
			name = Debug;
		};
		617E3A6B141B584F00441135 /* Release */ = {
			isa = XCBuildConfiguration;
			buildSettings = {
				ALWAYS_SEARCH_USER_PATHS = NO;
				ARCHS = (
					armv6,
					armv7,
				);
				CODE_SIGN_IDENTITY = "iPhone Distribution";
				"CODE_SIGN_IDENTITY[sdk=iphoneos*]" = "iPhone Distribution";
				COPY_PHASE_STRIP = YES;
				GCC_C_LANGUAGE_STANDARD = gnu99;
				GCC_SYMBOLS_PRIVATE_EXTERN = YES;
				GCC_VERSION = com.apple.compilers.llvmgcc42;
				GCC_WARN_ABOUT_MISSING_PROTOTYPES = YES;
				GCC_WARN_ABOUT_RETURN_TYPE = YES;
				GCC_WARN_UNUSED_VARIABLE = YES;
				IPHONEOS_DEPLOYMENT_TARGET = 4.0;
				OTHER_CFLAGS = "-DNS_BLOCK_ASSERTIONS=1";
				PROVISIONING_PROFILE = "";
				"PROVISIONING_PROFILE[sdk=iphoneos*]" = "";
				SDKROOT = iphoneos;
				SKIP_INSTALL = YES;
				VALIDATE_PRODUCT = YES;
			};
			name = Release;
		};
		617E3A6D141B584F00441135 /* Debug */ = {
			isa = XCBuildConfiguration;
			buildSettings = {
				ARCHS = "$(ARCHS_STANDARD_32_BIT)";
				GCC_PRECOMPILE_PREFIX_HEADER = YES;
				GCC_PREFIX_HEADER = "WhoHelp/WhoHelp-Prefix.pch";
				GCC_VERSION = com.apple.compilers.llvm.clang.1_0;
				INFOPLIST_FILE = "WhoHelp/WhoHelp-Info.plist";
				IPHONEOS_DEPLOYMENT_TARGET = 4.0;
				PRODUCT_NAME = "$(TARGET_NAME)";
				SDKROOT = iphoneos;
				TARGETED_DEVICE_FAMILY = 1;
				WRAPPER_EXTENSION = app;
			};
			name = Debug;
		};
		617E3A6E141B584F00441135 /* Release */ = {
			isa = XCBuildConfiguration;
			buildSettings = {
				ARCHS = (
					armv7,
					armv6,
				);
				GCC_PRECOMPILE_PREFIX_HEADER = YES;
				GCC_PREFIX_HEADER = "WhoHelp/WhoHelp-Prefix.pch";
				GCC_SYMBOLS_PRIVATE_EXTERN = YES;
				GCC_VERSION = com.apple.compilers.llvm.clang.1_0;
				INFOPLIST_FILE = "WhoHelp/WhoHelp-Info.plist";
				IPHONEOS_DEPLOYMENT_TARGET = 4.0;
				PRODUCT_NAME = "$(TARGET_NAME)";
				SDKROOT = iphoneos;
				SKIP_INSTALL = YES;
				TARGETED_DEVICE_FAMILY = 1;
				WRAPPER_EXTENSION = app;
			};
			name = Release;
		};
		617E3A70141B584F00441135 /* Debug */ = {
			isa = XCBuildConfiguration;
			buildSettings = {
				BUNDLE_LOADER = "$(BUILT_PRODUCTS_DIR)/WhoHelp.app/WhoHelp";
				FRAMEWORK_SEARCH_PATHS = (
					"$(SDKROOT)/Developer/Library/Frameworks",
					"$(DEVELOPER_LIBRARY_DIR)/Frameworks",
				);
				GCC_PRECOMPILE_PREFIX_HEADER = YES;
				GCC_PREFIX_HEADER = "WhoHelp/WhoHelp-Prefix.pch";
				GCC_VERSION = com.apple.compilers.llvm.clang.1_0;
				INFOPLIST_FILE = "WhoHelpTests/WhoHelpTests-Info.plist";
				PRODUCT_NAME = "$(TARGET_NAME)";
				TEST_HOST = "$(BUNDLE_LOADER)";
				WRAPPER_EXTENSION = octest;
			};
			name = Debug;
		};
		617E3A71141B584F00441135 /* Release */ = {
			isa = XCBuildConfiguration;
			buildSettings = {
				BUNDLE_LOADER = "$(BUILT_PRODUCTS_DIR)/WhoHelp.app/WhoHelp";
				FRAMEWORK_SEARCH_PATHS = (
					"$(SDKROOT)/Developer/Library/Frameworks",
					"$(DEVELOPER_LIBRARY_DIR)/Frameworks",
				);
				GCC_PRECOMPILE_PREFIX_HEADER = YES;
				GCC_PREFIX_HEADER = "WhoHelp/WhoHelp-Prefix.pch";
				GCC_VERSION = com.apple.compilers.llvm.clang.1_0;
				INFOPLIST_FILE = "WhoHelpTests/WhoHelpTests-Info.plist";
				PRODUCT_NAME = "$(TARGET_NAME)";
				TEST_HOST = "$(BUNDLE_LOADER)";
				WRAPPER_EXTENSION = octest;
			};
			name = Release;
		};
/* End XCBuildConfiguration section */

/* Begin XCConfigurationList section */
		617E3A2E141B584E00441135 /* Build configuration list for PBXProject "WhoHelp" */ = {
			isa = XCConfigurationList;
			buildConfigurations = (
				617E3A6A141B584F00441135 /* Debug */,
				617E3A6B141B584F00441135 /* Release */,
			);
			defaultConfigurationIsVisible = 0;
			defaultConfigurationName = Release;
		};
		617E3A6C141B584F00441135 /* Build configuration list for PBXNativeTarget "WhoHelp" */ = {
			isa = XCConfigurationList;
			buildConfigurations = (
				617E3A6D141B584F00441135 /* Debug */,
				617E3A6E141B584F00441135 /* Release */,
			);
			defaultConfigurationIsVisible = 0;
			defaultConfigurationName = Release;
		};
		617E3A6F141B584F00441135 /* Build configuration list for PBXNativeTarget "WhoHelpTests" */ = {
			isa = XCConfigurationList;
			buildConfigurations = (
				617E3A70141B584F00441135 /* Debug */,
				617E3A71141B584F00441135 /* Release */,
			);
			defaultConfigurationIsVisible = 0;
			defaultConfigurationName = Release;
		};
/* End XCConfigurationList section */

/* Begin XCVersionGroup section */
		617E3A4F141B584F00441135 /* WhoHelp.xcdatamodeld */ = {
			isa = XCVersionGroup;
			children = (
				617E3A50141B584F00441135 /* WhoHelp.xcdatamodel */,
			);
			currentVersion = 617E3A50141B584F00441135 /* WhoHelp.xcdatamodel */;
			path = WhoHelp.xcdatamodeld;
			sourceTree = "<group>";
			versionGroupType = wrapper.xcdatamodel;
		};
/* End XCVersionGroup section */
	};
	rootObject = 617E3A2B141B584E00441135 /* Project object */;
}
